
Microsoft Visual Studio Solution File, Format Version 11.00
# Visual Studio 2012
Project("{8BC9CEB8-8B4A-11D0-8D11-00A0C91BC942}") = "3d", "3d.vcxproj", "{7A430E7B-2CA8-402A-A68D-95ABADF5D672}"
EndProject
Project("{8BC9CEB8-8B4A-11D0-8D11-00A0C91BC942}") = "asyncio", "asyncio.vcxproj", "{64278580-4D29-4FF4-A50C-AFDF0747B6CC}"
EndProject
Project("{8BC9CEB8-8B4A-11D0-8D11-00A0C91BC942}") = "channel_groups", "channel_groups.vcxproj", "{4B2B8E34-1D01-4541-9CC4-9A9A74E8D610}"
EndProject
Project("{8BC9CEB8-8B4A-11D0-8D11-00A0C91BC942}") = "convolution_reverb", "convolution_reverb.vcxproj", "{79CF8C5D-FAD5-44FD-A44B-17F79D43C70D}"
EndProject
Project("{8BC9CEB8-8B4A-11D0-8D11-00A0C91BC942}") = "dsp_custom", "dsp_custom.vcxproj", "{DD1BBBCE-4EE2-4D19-9CA0-9CB86EF0F09A}"
EndProject
Project("{8BC9CEB8-8B4A-11D0-8D11-00A0C91BC942}") = "dsp_effect_per_speaker", "dsp_effect_per_speaker.vcxproj", "{3E337317-82C1-4D17-B6C6-BB4789B54ED0}"
EndProject
Project("{8BC9CEB8-8B4A-11D0-8D11-00A0C91BC942}") = "dsp_inspector", "dsp_inspector.vcxproj", "{D79DEB7A-F924-47AB-AB3F-2635FA499DD8}"
EndProject
Project("{8BC9CEB8-8B4A-11D0-8D11-00A0C91BC942}") = "effects", "effects.vcxproj", "{9C3CF101-4CBC-4496-B8A7-0C34274B66BD}"
EndProject
Project("{8BC9CEB8-8B4A-11D0-8D11-00A0C91BC942}") = "gapless_playback", "gapless_playback.vcxproj", "{D1CAD45B-A0FD-4535-9F94-66078AB2714C}"
EndProject
Project("{8BC9CEB8-8B4A-11D0-8D11-00A0C91BC942}") = "generate_tone", "generate_tone.vcxproj", "{8CE7F9D2-6BC0-414C-B8DD-4A1AA29E3B1F}"
EndProject
Project("{8BC9CEB8-8B4A-11D0-8D11-00A0C91BC942}") = "granular_synth", "granular_synth.vcxproj", "{2C24D4B5-AE46-43D6-975F-F64327414001}"
EndProject
Project("{8BC9CEB8-8B4A-11D0-8D11-00A0C91BC942}") = "load_from_memory", "load_from_memory.vcxproj", "{E93AFEDA-345E-4BBC-9F28-6F0D2D8F5372}"
EndProject
Project("{8BC9CEB8-8B4A-11D0-8D11-00A0C91BC942}") = "multiple_speaker", "multiple_speaker.vcxproj", "{31637E46-3737-43A1-A944-B5717B904924}"
EndProject
Project("{8BC9CEB8-8B4A-11D0-8D11-00A0C91BC942}") = "multiple_system", "multiple_system.vcxproj", "{38EC6D55-F81D-4E6D-B5C3-3BE2ABC7E02A}"
EndProject
Project("{8BC9CEB8-8B4A-11D0-8D11-00A0C91BC942}") = "net_stream", "net_stream.vcxproj", "{6818CDDF-11BA-48D4-8F60-4B982FE4BF07}"
EndProject
Project("{8BC9CEB8-8B4A-11D0-8D11-00A0C91BC942}") = "play_sound", "play_sound.vcxproj", "{63338CE4-12B2-474C-BE3F-FB648AD012E7}"
EndProject
Project("{8BC9CEB8-8B4A-11D0-8D11-00A0C91BC942}") = "play_stream", "play_stream.vcxproj", "{9B08E5D3-0B6D-41D2-A04B-B8EC8FDAE8E1}"
EndProject
Project("{8BC9CEB8-8B4A-11D0-8D11-00A0C91BC942}") = "record", "record.vcxproj", "{A2462D34-0492-4CB3-B2EF-5A06807116B8}"
EndProject
Project("{8BC9CEB8-8B4A-11D0-8D11-00A0C91BC942}") = "record_enumeration", "record_enumeration.vcxproj", "{0318FA00-94E6-4FB7-A0C2-439E54BE319A}"
EndProject
Project("{8BC9CEB8-8B4A-11D0-8D11-00A0C91BC942}") = "user_created_sound", "user_created_sound.vcxproj", "{6BA83AE3-0A15-4FC9-920A-3787502BFD0F}"
EndProject
Project("{8BC9CEB8-8B4A-11D0-8D11-00A0C91BC942}") = "fmod_codec_raw", "fmod_codec_raw.vcxproj", "{4B38C084-F2B7-4537-8413-8DB6280D1D71}"
EndProject
Project("{8BC9CEB8-8B4A-11D0-8D11-00A0C91BC942}") = "fmod_distance_filter", "fmod_distance_filter.vcxproj", "{65CF7FFC-8C4F-4A14-94D2-26DEEE312504}"
EndProject
Project("{8BC9CEB8-8B4A-11D0-8D11-00A0C91BC942}") = "fmod_gain", "fmod_gain.vcxproj", "{2480A4DD-55F4-4D8C-9D0B-16003033CF6F}"
EndProject
Project("{8BC9CEB8-8B4A-11D0-8D11-00A0C91BC942}") = "fmod_noise", "fmod_noise.vcxproj", "{8A5A8EFE-F23C-413D-A7B0-68E775E88C6C}"
EndProject
Project("{8BC9CEB8-8B4A-11D0-8D11-00A0C91BC942}") = "output_mp3", "output_mp3.vcxproj", "{7CBEB281-B444-4733-846D-CC44E0E7D053}"
EndProject
Global
	GlobalSection(SolutionConfigurationPlatforms) = preSolution
		Debug|Win32 = Debug|Win32
		Debug|x64 = Debug|x64
		Release|Win32 = Release|Win32
		Release|x64 = Release|x64
	EndGlobalSection
	GlobalSection(ProjectConfigurationPlatforms) = postSolution
		{7A430E7B-2CA8-402A-A68D-95ABADF5D672}.Debug|Win32.ActiveCfg = Debug|Win32
		{7A430E7B-2CA8-402A-A68D-95ABADF5D672}.Debug|Win32.Build.0 = Debug|Win32
		{7A430E7B-2CA8-402A-A68D-95ABADF5D672}.Debug|Win32.Deploy.0 = Debug|Win32
		{7A430E7B-2CA8-402A-A68D-95ABADF5D672}.Debug|x64.ActiveCfg = Debug|x64
		{7A430E7B-2CA8-402A-A68D-95ABADF5D672}.Debug|x64.Build.0 = Debug|x64
		{7A430E7B-2CA8-402A-A68D-95ABADF5D672}.Debug|x64.Deploy.0 = Debug|x64
		{7A430E7B-2CA8-402A-A68D-95ABADF5D672}.Release|Win32.ActiveCfg = Release|Win32
		{7A430E7B-2CA8-402A-A68D-95ABADF5D672}.Release|Win32.Build.0 = Release|Win32
		{7A430E7B-2CA8-402A-A68D-95ABADF5D672}.Release|Win32.Deploy.0 = Release|Win32
		{7A430E7B-2CA8-402A-A68D-95ABADF5D672}.Release|x64.ActiveCfg = Release|x64
		{7A430E7B-2CA8-402A-A68D-95ABADF5D672}.Release|x64.Build.0 = Release|x64
		{7A430E7B-2CA8-402A-A68D-95ABADF5D672}.Release|x64.Deploy.0 = Release|x64
		{64278580-4D29-4FF4-A50C-AFDF0747B6CC}.Debug|Win32.ActiveCfg = Debug|Win32
		{64278580-4D29-4FF4-A50C-AFDF0747B6CC}.Debug|Win32.Build.0 = Debug|Win32
		{64278580-4D29-4FF4-A50C-AFDF0747B6CC}.Debug|Win32.Deploy.0 = Debug|Win32
		{64278580-4D29-4FF4-A50C-AFDF0747B6CC}.Debug|x64.ActiveCfg = Debug|x64
		{64278580-4D29-4FF4-A50C-AFDF0747B6CC}.Debug|x64.Build.0 = Debug|x64
		{64278580-4D29-4FF4-A50C-AFDF0747B6CC}.Debug|x64.Deploy.0 = Debug|x64
		{64278580-4D29-4FF4-A50C-AFDF0747B6CC}.Release|Win32.ActiveCfg = Release|Win32
		{64278580-4D29-4FF4-A50C-AFDF0747B6CC}.Release|Win32.Build.0 = Release|Win32
		{64278580-4D29-4FF4-A50C-AFDF0747B6CC}.Release|Win32.Deploy.0 = Release|Win32
		{64278580-4D29-4FF4-A50C-AFDF0747B6CC}.Release|x64.ActiveCfg = Release|x64
		{64278580-4D29-4FF4-A50C-AFDF0747B6CC}.Release|x64.Build.0 = Release|x64
		{64278580-4D29-4FF4-A50C-AFDF0747B6CC}.Release|x64.Deploy.0 = Release|x64
		{4B2B8E34-1D01-4541-9CC4-9A9A74E8D610}.Debug|Win32.ActiveCfg = Debug|Win32
		{4B2B8E34-1D01-4541-9CC4-9A9A74E8D610}.Debug|Win32.Build.0 = Debug|Win32
		{4B2B8E34-1D01-4541-9CC4-9A9A74E8D610}.Debug|Win32.Deploy.0 = Debug|Win32
		{4B2B8E34-1D01-4541-9CC4-9A9A74E8D610}.Debug|x64.ActiveCfg = Debug|x64
		{4B2B8E34-1D01-4541-9CC4-9A9A74E8D610}.Debug|x64.Build.0 = Debug|x64
		{4B2B8E34-1D01-4541-9CC4-9A9A74E8D610}.Debug|x64.Deploy.0 = Debug|x64
		{4B2B8E34-1D01-4541-9CC4-9A9A74E8D610}.Release|Win32.ActiveCfg = Release|Win32
		{4B2B8E34-1D01-4541-9CC4-9A9A74E8D610}.Release|Win32.Build.0 = Release|Win32
		{4B2B8E34-1D01-4541-9CC4-9A9A74E8D610}.Release|Win32.Deploy.0 = Release|Win32
		{4B2B8E34-1D01-4541-9CC4-9A9A74E8D610}.Release|x64.ActiveCfg = Release|x64
		{4B2B8E34-1D01-4541-9CC4-9A9A74E8D610}.Release|x64.Build.0 = Release|x64
		{4B2B8E34-1D01-4541-9CC4-9A9A74E8D610}.Release|x64.Deploy.0 = Release|x64
		{79CF8C5D-FAD5-44FD-A44B-17F79D43C70D}.Debug|Win32.ActiveCfg = Debug|Win32
		{79CF8C5D-FAD5-44FD-A44B-17F79D43C70D}.Debug|Win32.Build.0 = Debug|Win32
		{79CF8C5D-FAD5-44FD-A44B-17F79D43C70D}.Debug|Win32.Deploy.0 = Debug|Win32
		{79CF8C5D-FAD5-44FD-A44B-17F79D43C70D}.Debug|x64.ActiveCfg = Debug|x64
		{79CF8C5D-FAD5-44FD-A44B-17F79D43C70D}.Debug|x64.Build.0 = Debug|x64
		{79CF8C5D-FAD5-44FD-A44B-17F79D43C70D}.Debug|x64.Deploy.0 = Debug|x64
		{79CF8C5D-FAD5-44FD-A44B-17F79D43C70D}.Release|Win32.ActiveCfg = Release|Win32
		{79CF8C5D-FAD5-44FD-A44B-17F79D43C70D}.Release|Win32.Build.0 = Release|Win32
		{79CF8C5D-FAD5-44FD-A44B-17F79D43C70D}.Release|Win32.Deploy.0 = Release|Win32
		{79CF8C5D-FAD5-44FD-A44B-17F79D43C70D}.Release|x64.ActiveCfg = Release|x64
		{79CF8C5D-FAD5-44FD-A44B-17F79D43C70D}.Release|x64.Build.0 = Release|x64
		{79CF8C5D-FAD5-44FD-A44B-17F79D43C70D}.Release|x64.Deploy.0 = Release|x64
		{DD1BBBCE-4EE2-4D19-9CA0-9CB86EF0F09A}.Debug|Win32.ActiveCfg = Debug|Win32
		{DD1BBBCE-4EE2-4D19-9CA0-9CB86EF0F09A}.Debug|Win32.Build.0 = Debug|Win32
		{DD1BBBCE-4EE2-4D19-9CA0-9CB86EF0F09A}.Debug|Win32.Deploy.0 = Debug|Win32
		{DD1BBBCE-4EE2-4D19-9CA0-9CB86EF0F09A}.Debug|x64.ActiveCfg = Debug|x64
		{DD1BBBCE-4EE2-4D19-9CA0-9CB86EF0F09A}.Debug|x64.Build.0 = Debug|x64
		{DD1BBBCE-4EE2-4D19-9CA0-9CB86EF0F09A}.Debug|x64.Deploy.0 = Debug|x64
		{DD1BBBCE-4EE2-4D19-9CA0-9CB86EF0F09A}.Release|Win32.ActiveCfg = Release|Win32
		{DD1BBBCE-4EE2-4D19-9CA0-9CB86EF0F09A}.Release|Win32.Build.0 = Release|Win32
		{DD1BBBCE-4EE2-4D19-9CA0-9CB86EF0F09A}.Release|Win32.Deploy.0 = Release|Win32
		{DD1BBBCE-4EE2-4D19-9CA0-9CB86EF0F09A}.Release|x64.ActiveCfg = Release|x64
		{DD1BBBCE-4EE2-4D19-9CA0-9CB86EF0F09A}.Release|x64.Build.0 = Release|x64
		{DD1BBBCE-4EE2-4D19-9CA0-9CB86EF0F09A}.Release|x64.Deploy.0 = Release|x64
		{3E337317-82C1-4D17-B6C6-BB4789B54ED0}.Debug|Win32.ActiveCfg = Debug|Win32
		{3E337317-82C1-4D17-B6C6-BB4789B54ED0}.Debug|Win32.Build.0 = Debug|Win32
		{3E337317-82C1-4D17-B6C6-BB4789B54ED0}.Debug|Win32.Deploy.0 = Debug|Win32
		{3E337317-82C1-4D17-B6C6-BB4789B54ED0}.Debug|x64.ActiveCfg = Debug|x64
		{3E337317-82C1-4D17-B6C6-BB4789B54ED0}.Debug|x64.Build.0 = Debug|x64
		{3E337317-82C1-4D17-B6C6-BB4789B54ED0}.Debug|x64.Deploy.0 = Debug|x64
		{3E337317-82C1-4D17-B6C6-BB4789B54ED0}.Release|Win32.ActiveCfg = Release|Win32
		{3E337317-82C1-4D17-B6C6-BB4789B54ED0}.Release|Win32.Build.0 = Release|Win32
		{3E337317-82C1-4D17-B6C6-BB4789B54ED0}.Release|Win32.Deploy.0 = Release|Win32
		{3E337317-82C1-4D17-B6C6-BB4789B54ED0}.Release|x64.ActiveCfg = Release|x64
		{3E337317-82C1-4D17-B6C6-BB4789B54ED0}.Release|x64.Build.0 = Release|x64
		{3E337317-82C1-4D17-B6C6-BB4789B54ED0}.Release|x64.Deploy.0 = Release|x64
		{D79DEB7A-F924-47AB-AB3F-2635FA499DD8}.Debug|Win32.ActiveCfg = Debug|Win32
		{D79DEB7A-F924-47AB-AB3F-2635FA499DD8}.Debug|Win32.Build.0 = Debug|Win32
		{D79DEB7A-F924-47AB-AB3F-2635FA499DD8}.Debug|Win32.Deploy.0 = Debug|Win32
		{D79DEB7A-F924-47AB-AB3F-2635FA499DD8}.Debug|x64.ActiveCfg = Debug|x64
		{D79DEB7A-F924-47AB-AB3F-2635FA499DD8}.Debug|x64.Build.0 = Debug|x64
		{D79DEB7A-F924-47AB-AB3F-2635FA499DD8}.Debug|x64.Deploy.0 = Debug|x64
		{D79DEB7A-F924-47AB-AB3F-2635FA499DD8}.Release|Win32.ActiveCfg = Release|Win32
		{D79DEB7A-F924-47AB-AB3F-2635FA499DD8}.Release|Win32.Build.0 = Release|Win32
		{D79DEB7A-F924-47AB-AB3F-2635FA499DD8}.Release|Win32.Deploy.0 = Release|Win32
		{D79DEB7A-F924-47AB-AB3F-2635FA499DD8}.Release|x64.ActiveCfg = Release|x64
		{D79DEB7A-F924-47AB-AB3F-2635FA499DD8}.Release|x64.Build.0 = Release|x64
		{D79DEB7A-F924-47AB-AB3F-2635FA499DD8}.Release|x64.Deploy.0 = Release|x64
		{9C3CF101-4CBC-4496-B8A7-0C34274B66BD}.Debug|Win32.ActiveCfg = Debug|Win32
		{9C3CF101-4CBC-4496-B8A7-0C34274B66BD}.Debug|Win32.Build.0 = Debug|Win32
		{9C3CF101-4CBC-4496-B8A7-0C34274B66BD}.Debug|Win32.Deploy.0 = Debug|Win32
		{9C3CF101-4CBC-4496-B8A7-0C34274B66BD}.Debug|x64.ActiveCfg = Debug|x64
		{9C3CF101-4CBC-4496-B8A7-0C34274B66BD}.Debug|x64.Build.0 = Debug|x64
		{9C3CF101-4CBC-4496-B8A7-0C34274B66BD}.Debug|x64.Deploy.0 = Debug|x64
		{9C3CF101-4CBC-4496-B8A7-0C34274B66BD}.Release|Win32.ActiveCfg = Release|Win32
		{9C3CF101-4CBC-4496-B8A7-0C34274B66BD}.Release|Win32.Build.0 = Release|Win32
		{9C3CF101-4CBC-4496-B8A7-0C34274B66BD}.Release|Win32.Deploy.0 = Release|Win32
		{9C3CF101-4CBC-4496-B8A7-0C34274B66BD}.Release|x64.ActiveCfg = Release|x64
		{9C3CF101-4CBC-4496-B8A7-0C34274B66BD}.Release|x64.Build.0 = Release|x64
		{9C3CF101-4CBC-4496-B8A7-0C34274B66BD}.Release|x64.Deploy.0 = Release|x64
		{D1CAD45B-A0FD-4535-9F94-66078AB2714C}.Debug|Win32.ActiveCfg = Debug|Win32
		{D1CAD45B-A0FD-4535-9F94-66078AB2714C}.Debug|Win32.Build.0 = Debug|Win32
		{D1CAD45B-A0FD-4535-9F94-66078AB2714C}.Debug|Win32.Deploy.0 = Debug|Win32
		{D1CAD45B-A0FD-4535-9F94-66078AB2714C}.Debug|x64.ActiveCfg = Debug|x64
		{D1CAD45B-A0FD-4535-9F94-66078AB2714C}.Debug|x64.Build.0 = Debug|x64
		{D1CAD45B-A0FD-4535-9F94-66078AB2714C}.Debug|x64.Deploy.0 = Debug|x64
		{D1CAD45B-A0FD-4535-9F94-66078AB2714C}.Release|Win32.ActiveCfg = Release|Win32
		{D1CAD45B-A0FD-4535-9F94-66078AB2714C}.Release|Win32.Build.0 = Release|Win32
		{D1CAD45B-A0FD-4535-9F94-66078AB2714C}.Release|Win32.Deploy.0 = Release|Win32
		{D1CAD45B-A0FD-4535-9F94-66078AB2714C}.Release|x64.ActiveCfg = Release|x64
		{D1CAD45B-A0FD-4535-9F94-66078AB2714C}.Release|x64.Build.0 = Release|x64
		{D1CAD45B-A0FD-4535-9F94-66078AB2714C}.Release|x64.Deploy.0 = Release|x64
		{8CE7F9D2-6BC0-414C-B8DD-4A1AA29E3B1F}.Debug|Win32.ActiveCfg = Debug|Win32
		{8CE7F9D2-6BC0-414C-B8DD-4A1AA29E3B1F}.Debug|Win32.Build.0 = Debug|Win32
		{8CE7F9D2-6BC0-414C-B8DD-4A1AA29E3B1F}.Debug|Win32.Deploy.0 = Debug|Win32
		{8CE7F9D2-6BC0-414C-B8DD-4A1AA29E3B1F}.Debug|x64.ActiveCfg = Debug|x64
		{8CE7F9D2-6BC0-414C-B8DD-4A1AA29E3B1F}.Debug|x64.Build.0 = Debug|x64
		{8CE7F9D2-6BC0-414C-B8DD-4A1AA29E3B1F}.Debug|x64.Deploy.0 = Debug|x64
		{8CE7F9D2-6BC0-414C-B8DD-4A1AA29E3B1F}.Release|Win32.ActiveCfg = Release|Win32
		{8CE7F9D2-6BC0-414C-B8DD-4A1AA29E3B1F}.Release|Win32.Build.0 = Release|Win32
		{8CE7F9D2-6BC0-414C-B8DD-4A1AA29E3B1F}.Release|Win32.Deploy.0 = Release|Win32
		{8CE7F9D2-6BC0-414C-B8DD-4A1AA29E3B1F}.Release|x64.ActiveCfg = Release|x64
		{8CE7F9D2-6BC0-414C-B8DD-4A1AA29E3B1F}.Release|x64.Build.0 = Release|x64
		{8CE7F9D2-6BC0-414C-B8DD-4A1AA29E3B1F}.Release|x64.Deploy.0 = Release|x64
		{2C24D4B5-AE46-43D6-975F-F64327414001}.Debug|Win32.ActiveCfg = Debug|Win32
		{2C24D4B5-AE46-43D6-975F-F64327414001}.Debug|Win32.Build.0 = Debug|Win32
		{2C24D4B5-AE46-43D6-975F-F64327414001}.Debug|Win32.Deploy.0 = Debug|Win32
		{2C24D4B5-AE46-43D6-975F-F64327414001}.Debug|x64.ActiveCfg = Debug|x64
		{2C24D4B5-AE46-43D6-975F-F64327414001}.Debug|x64.Build.0 = Debug|x64
		{2C24D4B5-AE46-43D6-975F-F64327414001}.Debug|x64.Deploy.0 = Debug|x64
		{2C24D4B5-AE46-43D6-975F-F64327414001}.Release|Win32.ActiveCfg = Release|Win32
		{2C24D4B5-AE46-43D6-975F-F64327414001}.Release|Win32.Build.0 = Release|Win32
		{2C24D4B5-AE46-43D6-975F-F64327414001}.Release|Win32.Deploy.0 = Release|Win32
		{2C24D4B5-AE46-43D6-975F-F64327414001}.Release|x64.ActiveCfg = Release|x64
		{2C24D4B5-AE46-43D6-975F-F64327414001}.Release|x64.Build.0 = Release|x64
		{2C24D4B5-AE46-43D6-975F-F64327414001}.Release|x64.Deploy.0 = Release|x64
		{E93AFEDA-345E-4BBC-9F28-6F0D2D8F5372}.Debug|Win32.ActiveCfg = Debug|Win32
		{E93AFEDA-345E-4BBC-9F28-6F0D2D8F5372}.Debug|Win32.Build.0 = Debug|Win32
		{E93AFEDA-345E-4BBC-9F28-6F0D2D8F5372}.Debug|Win32.Deploy.0 = Debug|Win32
		{E93AFEDA-345E-4BBC-9F28-6F0D2D8F5372}.Debug|x64.ActiveCfg = Debug|x64
		{E93AFEDA-345E-4BBC-9F28-6F0D2D8F5372}.Debug|x64.Build.0 = Debug|x64
		{E93AFEDA-345E-4BBC-9F28-6F0D2D8F5372}.Debug|x64.Deploy.0 = Debug|x64
		{E93AFEDA-345E-4BBC-9F28-6F0D2D8F5372}.Release|Win32.ActiveCfg = Release|Win32
		{E93AFEDA-345E-4BBC-9F28-6F0D2D8F5372}.Release|Win32.Build.0 = Release|Win32
		{E93AFEDA-345E-4BBC-9F28-6F0D2D8F5372}.Release|Win32.Deploy.0 = Release|Win32
		{E93AFEDA-345E-4BBC-9F28-6F0D2D8F5372}.Release|x64.ActiveCfg = Release|x64
		{E93AFEDA-345E-4BBC-9F28-6F0D2D8F5372}.Release|x64.Build.0 = Release|x64
		{E93AFEDA-345E-4BBC-9F28-6F0D2D8F5372}.Release|x64.Deploy.0 = Release|x64
		{31637E46-3737-43A1-A944-B5717B904924}.Debug|Win32.ActiveCfg = Debug|Win32
		{31637E46-3737-43A1-A944-B5717B904924}.Debug|Win32.Build.0 = Debug|Win32
		{31637E46-3737-43A1-A944-B5717B904924}.Debug|Win32.Deploy.0 = Debug|Win32
		{31637E46-3737-43A1-A944-B5717B904924}.Debug|x64.ActiveCfg = Debug|x64
		{31637E46-3737-43A1-A944-B5717B904924}.Debug|x64.Build.0 = Debug|x64
		{31637E46-3737-43A1-A944-B5717B904924}.Debug|x64.Deploy.0 = Debug|x64
		{31637E46-3737-43A1-A944-B5717B904924}.Release|Win32.ActiveCfg = Release|Win32
		{31637E46-3737-43A1-A944-B5717B904924}.Release|Win32.Build.0 = Release|Win32
		{31637E46-3737-43A1-A944-B5717B904924}.Release|Win32.Deploy.0 = Release|Win32
		{31637E46-3737-43A1-A944-B5717B904924}.Release|x64.ActiveCfg = Release|x64
		{31637E46-3737-43A1-A944-B5717B904924}.Release|x64.Build.0 = Release|x64
		{31637E46-3737-43A1-A944-B5717B904924}.Release|x64.Deploy.0 = Release|x64
		{38EC6D55-F81D-4E6D-B5C3-3BE2ABC7E02A}.Debug|Win32.ActiveCfg = Debug|Win32
		{38EC6D55-F81D-4E6D-B5C3-3BE2ABC7E02A}.Debug|Win32.Build.0 = Debug|Win32
		{38EC6D55-F81D-4E6D-B5C3-3BE2ABC7E02A}.Debug|Win32.Deploy.0 = Debug|Win32
		{38EC6D55-F81D-4E6D-B5C3-3BE2ABC7E02A}.Debug|x64.ActiveCfg = Debug|x64
		{38EC6D55-F81D-4E6D-B5C3-3BE2ABC7E02A}.Debug|x64.Build.0 = Debug|x64
		{38EC6D55-F81D-4E6D-B5C3-3BE2ABC7E02A}.Debug|x64.Deploy.0 = Debug|x64
		{38EC6D55-F81D-4E6D-B5C3-3BE2ABC7E02A}.Release|Win32.ActiveCfg = Release|Win32
		{38EC6D55-F81D-4E6D-B5C3-3BE2ABC7E02A}.Release|Win32.Build.0 = Release|Win32
		{38EC6D55-F81D-4E6D-B5C3-3BE2ABC7E02A}.Release|Win32.Deploy.0 = Release|Win32
		{38EC6D55-F81D-4E6D-B5C3-3BE2ABC7E02A}.Release|x64.ActiveCfg = Release|x64
		{38EC6D55-F81D-4E6D-B5C3-3BE2ABC7E02A}.Release|x64.Build.0 = Release|x64
		{38EC6D55-F81D-4E6D-B5C3-3BE2ABC7E02A}.Release|x64.Deploy.0 = Release|x64
		{6818CDDF-11BA-48D4-8F60-4B982FE4BF07}.Debug|Win32.ActiveCfg = Debug|Win32
		{6818CDDF-11BA-48D4-8F60-4B982FE4BF07}.Debug|Win32.Build.0 = Debug|Win32
		{6818CDDF-11BA-48D4-8F60-4B982FE4BF07}.Debug|Win32.Deploy.0 = Debug|Win32
		{6818CDDF-11BA-48D4-8F60-4B982FE4BF07}.Debug|x64.ActiveCfg = Debug|x64
		{6818CDDF-11BA-48D4-8F60-4B982FE4BF07}.Debug|x64.Build.0 = Debug|x64
		{6818CDDF-11BA-48D4-8F60-4B982FE4BF07}.Debug|x64.Deploy.0 = Debug|x64
		{6818CDDF-11BA-48D4-8F60-4B982FE4BF07}.Release|Win32.ActiveCfg = Release|Win32
		{6818CDDF-11BA-48D4-8F60-4B982FE4BF07}.Release|Win32.Build.0 = Release|Win32
		{6818CDDF-11BA-48D4-8F60-4B982FE4BF07}.Release|Win32.Deploy.0 = Release|Win32
		{6818CDDF-11BA-48D4-8F60-4B982FE4BF07}.Release|x64.ActiveCfg = Release|x64
		{6818CDDF-11BA-48D4-8F60-4B982FE4BF07}.Release|x64.Build.0 = Release|x64
		{6818CDDF-11BA-48D4-8F60-4B982FE4BF07}.Release|x64.Deploy.0 = Release|x64
		{63338CE4-12B2-474C-BE3F-FB648AD012E7}.Debug|Win32.ActiveCfg = Debug|Win32
		{63338CE4-12B2-474C-BE3F-FB648AD012E7}.Debug|Win32.Build.0 = Debug|Win32
		{63338CE4-12B2-474C-BE3F-FB648AD012E7}.Debug|Win32.Deploy.0 = Debug|Win32
		{63338CE4-12B2-474C-BE3F-FB648AD012E7}.Debug|x64.ActiveCfg = Debug|x64
		{63338CE4-12B2-474C-BE3F-FB648AD012E7}.Debug|x64.Build.0 = Debug|x64
		{63338CE4-12B2-474C-BE3F-FB648AD012E7}.Debug|x64.Deploy.0 = Debug|x64
		{63338CE4-12B2-474C-BE3F-FB648AD012E7}.Release|Win32.ActiveCfg = Release|Win32
		{63338CE4-12B2-474C-BE3F-FB648AD012E7}.Release|Win32.Build.0 = Release|Win32
		{63338CE4-12B2-474C-BE3F-FB648AD012E7}.Release|Win32.Deploy.0 = Release|Win32
		{63338CE4-12B2-474C-BE3F-FB648AD012E7}.Release|x64.ActiveCfg = Release|x64
		{63338CE4-12B2-474C-BE3F-FB648AD012E7}.Release|x64.Build.0 = Release|x64
		{63338CE4-12B2-474C-BE3F-FB648AD012E7}.Release|x64.Deploy.0 = Release|x64
		{9B08E5D3-0B6D-41D2-A04B-B8EC8FDAE8E1}.Debug|Win32.ActiveCfg = Debug|Win32
		{9B08E5D3-0B6D-41D2-A04B-B8EC8FDAE8E1}.Debug|Win32.Build.0 = Debug|Win32
		{9B08E5D3-0B6D-41D2-A04B-B8EC8FDAE8E1}.Debug|Win32.Deploy.0 = Debug|Win32
		{9B08E5D3-0B6D-41D2-A04B-B8EC8FDAE8E1}.Debug|x64.ActiveCfg = Debug|x64
		{9B08E5D3-0B6D-41D2-A04B-B8EC8FDAE8E1}.Debug|x64.Build.0 = Debug|x64
		{9B08E5D3-0B6D-41D2-A04B-B8EC8FDAE8E1}.Debug|x64.Deploy.0 = Debug|x64
		{9B08E5D3-0B6D-41D2-A04B-B8EC8FDAE8E1}.Release|Win32.ActiveCfg = Release|Win32
		{9B08E5D3-0B6D-41D2-A04B-B8EC8FDAE8E1}.Release|Win32.Build.0 = Release|Win32
		{9B08E5D3-0B6D-41D2-A04B-B8EC8FDAE8E1}.Release|Win32.Deploy.0 = Release|Win32
		{9B08E5D3-0B6D-41D2-A04B-B8EC8FDAE8E1}.Release|x64.ActiveCfg = Release|x64
		{9B08E5D3-0B6D-41D2-A04B-B8EC8FDAE8E1}.Release|x64.Build.0 = Release|x64
		{9B08E5D3-0B6D-41D2-A04B-B8EC8FDAE8E1}.Release|x64.Deploy.0 = Release|x64
		{A2462D34-0492-4CB3-B2EF-5A06807116B8}.Debug|Win32.ActiveCfg = Debug|Win32
		{A2462D34-0492-4CB3-B2EF-5A06807116B8}.Debug|Win32.Build.0 = Debug|Win32
		{A2462D34-0492-4CB3-B2EF-5A06807116B8}.Debug|Win32.Deploy.0 = Debug|Win32
		{A2462D34-0492-4CB3-B2EF-5A06807116B8}.Debug|x64.ActiveCfg = Debug|x64
		{A2462D34-0492-4CB3-B2EF-5A06807116B8}.Debug|x64.Build.0 = Debug|x64
		{A2462D34-0492-4CB3-B2EF-5A06807116B8}.Debug|x64.Deploy.0 = Debug|x64
		{A2462D34-0492-4CB3-B2EF-5A06807116B8}.Release|Win32.ActiveCfg = Release|Win32
		{A2462D34-0492-4CB3-B2EF-5A06807116B8}.Release|Win32.Build.0 = Release|Win32
		{A2462D34-0492-4CB3-B2EF-5A06807116B8}.Release|Win32.Deploy.0 = Release|Win32
		{A2462D34-0492-4CB3-B2EF-5A06807116B8}.Release|x64.ActiveCfg = Release|x64
		{A2462D34-0492-4CB3-B2EF-5A06807116B8}.Release|x64.Build.0 = Release|x64
		{A2462D34-0492-4CB3-B2EF-5A06807116B8}.Release|x64.Deploy.0 = Release|x64
		{0318FA00-94E6-4FB7-A0C2-439E54BE319A}.Debug|Win32.ActiveCfg = Debug|Win32
		{0318FA00-94E6-4FB7-A0C2-439E54BE319A}.Debug|Win32.Build.0 = Debug|Win32
		{0318FA00-94E6-4FB7-A0C2-439E54BE319A}.Debug|Win32.Deploy.0 = Debug|Win32
		{0318FA00-94E6-4FB7-A0C2-439E54BE319A}.Debug|x64.ActiveCfg = Debug|x64
		{0318FA00-94E6-4FB7-A0C2-439E54BE319A}.Debug|x64.Build.0 = Debug|x64
		{0318FA00-94E6-4FB7-A0C2-439E54BE319A}.Debug|x64.Deploy.0 = Debug|x64
		{0318FA00-94E6-4FB7-A0C2-439E54BE319A}.Release|Win32.ActiveCfg = Release|Win32
		{0318FA00-94E6-4FB7-A0C2-439E54BE319A}.Release|Win32.Build.0 = Release|Win32
		{0318FA00-94E6-4FB7-A0C2-439E54BE319A}.Release|Win32.Deploy.0 = Release|Win32
		{0318FA00-94E6-4FB7-A0C2-439E54BE319A}.Release|x64.ActiveCfg = Release|x64
		{0318FA00-94E6-4FB7-A0C2-439E54BE319A}.Release|x64.Build.0 = Release|x64
		{0318FA00-94E6-4FB7-A0C2-439E54BE319A}.Release|x64.Deploy.0 = Release|x64
		{6BA83AE3-0A15-4FC9-920A-3787502BFD0F}.Debug|Win32.ActiveCfg = Debug|Win32
		{6BA83AE3-0A15-4FC9-920A-3787502BFD0F}.Debug|Win32.Build.0 = Debug|Win32
		{6BA83AE3-0A15-4FC9-920A-3787502BFD0F}.Debug|Win32.Deploy.0 = Debug|Win32
		{6BA83AE3-0A15-4FC9-920A-3787502BFD0F}.Debug|x64.ActiveCfg = Debug|x64
		{6BA83AE3-0A15-4FC9-920A-3787502BFD0F}.Debug|x64.Build.0 = Debug|x64
		{6BA83AE3-0A15-4FC9-920A-3787502BFD0F}.Debug|x64.Deploy.0 = Debug|x64
		{6BA83AE3-0A15-4FC9-920A-3787502BFD0F}.Release|Win32.ActiveCfg = Release|Win32
		{6BA83AE3-0A15-4FC9-920A-3787502BFD0F}.Release|Win32.Build.0 = Release|Win32
		{6BA83AE3-0A15-4FC9-920A-3787502BFD0F}.Release|Win32.Deploy.0 = Release|Win32
		{6BA83AE3-0A15-4FC9-920A-3787502BFD0F}.Release|x64.ActiveCfg = Release|x64
		{6BA83AE3-0A15-4FC9-920A-3787502BFD0F}.Release|x64.Build.0 = Release|x64
		{6BA83AE3-0A15-4FC9-920A-3787502BFD0F}.Release|x64.Deploy.0 = Release|x64
		{4B38C084-F2B7-4537-8413-8DB6280D1D71}.Debug|Win32.ActiveCfg = Debug|Win32
		{4B38C084-F2B7-4537-8413-8DB6280D1D71}.Debug|Win32.Build.0 = Debug|Win32
		{4B38C084-F2B7-4537-8413-8DB6280D1D71}.Debug|Win32.Deploy.0 = Debug|Win32
		{4B38C084-F2B7-4537-8413-8DB6280D1D71}.Debug|x64.ActiveCfg = Debug|x64
		{4B38C084-F2B7-4537-8413-8DB6280D1D71}.Debug|x64.Build.0 = Debug|x64
		{4B38C084-F2B7-4537-8413-8DB6280D1D71}.Debug|x64.Deploy.0 = Debug|x64
		{4B38C084-F2B7-4537-8413-8DB6280D1D71}.Release|Win32.ActiveCfg = Release|Win32
		{4B38C084-F2B7-4537-8413-8DB6280D1D71}.Release|Win32.Build.0 = Release|Win32
		{4B38C084-F2B7-4537-8413-8DB6280D1D71}.Release|Win32.Deploy.0 = Release|Win32
		{4B38C084-F2B7-4537-8413-8DB6280D1D71}.Release|x64.ActiveCfg = Release|x64
		{4B38C084-F2B7-4537-8413-8DB6280D1D71}.Release|x64.Build.0 = Release|x64
		{4B38C084-F2B7-4537-8413-8DB6280D1D71}.Release|x64.Deploy.0 = Release|x64
		{65CF7FFC-8C4F-4A14-94D2-26DEEE312504}.Debug|Win32.ActiveCfg = Debug|Win32
		{65CF7FFC-8C4F-4A14-94D2-26DEEE312504}.Debug|Win32.Build.0 = Debug|Win32
		{65CF7FFC-8C4F-4A14-94D2-26DEEE312504}.Debug|Win32.Deploy.0 = Debug|Win32
		{65CF7FFC-8C4F-4A14-94D2-26DEEE312504}.Debug|x64.ActiveCfg = Debug|x64
		{65CF7FFC-8C4F-4A14-94D2-26DEEE312504}.Debug|x64.Build.0 = Debug|x64
		{65CF7FFC-8C4F-4A14-94D2-26DEEE312504}.Debug|x64.Deploy.0 = Debug|x64
		{65CF7FFC-8C4F-4A14-94D2-26DEEE312504}.Release|Win32.ActiveCfg = Release|Win32
		{65CF7FFC-8C4F-4A14-94D2-26DEEE312504}.Release|Win32.Build.0 = Release|Win32
		{65CF7FFC-8C4F-4A14-94D2-26DEEE312504}.Release|Win32.Deploy.0 = Release|Win32
		{65CF7FFC-8C4F-4A14-94D2-26DEEE312504}.Release|x64.ActiveCfg = Release|x64
		{65CF7FFC-8C4F-4A14-94D2-26DEEE312504}.Release|x64.Build.0 = Release|x64
		{65CF7FFC-8C4F-4A14-94D2-26DEEE312504}.Release|x64.Deploy.0 = Release|x64
		{2480A4DD-55F4-4D8C-9D0B-16003033CF6F}.Debug|Win32.ActiveCfg = Debug|Win32
		{2480A4DD-55F4-4D8C-9D0B-16003033CF6F}.Debug|Win32.Build.0 = Debug|Win32
		{2480A4DD-55F4-4D8C-9D0B-16003033CF6F}.Debug|Win32.Deploy.0 = Debug|Win32
		{2480A4DD-55F4-4D8C-9D0B-16003033CF6F}.Debug|x64.ActiveCfg = Debug|x64
		{2480A4DD-55F4-4D8C-9D0B-16003033CF6F}.Debug|x64.Build.0 = Debug|x64
		{2480A4DD-55F4-4D8C-9D0B-16003033CF6F}.Debug|x64.Deploy.0 = Debug|x64
		{2480A4DD-55F4-4D8C-9D0B-16003033CF6F}.Release|Win32.ActiveCfg = Release|Win32
		{2480A4DD-55F4-4D8C-9D0B-16003033CF6F}.Release|Win32.Build.0 = Release|Win32
		{2480A4DD-55F4-4D8C-9D0B-16003033CF6F}.Release|Win32.Deploy.0 = Release|Win32
		{2480A4DD-55F4-4D8C-9D0B-16003033CF6F}.Release|x64.ActiveCfg = Release|x64
		{2480A4DD-55F4-4D8C-9D0B-16003033CF6F}.Release|x64.Build.0 = Release|x64
		{2480A4DD-55F4-4D8C-9D0B-16003033CF6F}.Release|x64.Deploy.0 = Release|x64
		{8A5A8EFE-F23C-413D-A7B0-68E775E88C6C}.Debug|Win32.ActiveCfg = Debug|Win32
		{8A5A8EFE-F23C-413D-A7B0-68E775E88C6C}.Debug|Win32.Build.0 = Debug|Win32
		{8A5A8EFE-F23C-413D-A7B0-68E775E88C6C}.Debug|Win32.Deploy.0 = Debug|Win32
		{8A5A8EFE-F23C-413D-A7B0-68E775E88C6C}.Debug|x64.ActiveCfg = Debug|x64
		{8A5A8EFE-F23C-413D-A7B0-68E775E88C6C}.Debug|x64.Build.0 = Debug|x64
		{8A5A8EFE-F23C-413D-A7B0-68E775E88C6C}.Debug|x64.Deploy.0 = Debug|x64
		{8A5A8EFE-F23C-413D-A7B0-68E775E88C6C}.Release|Win32.ActiveCfg = Release|Win32
		{8A5A8EFE-F23C-413D-A7B0-68E775E88C6C}.Release|Win32.Build.0 = Release|Win32
		{8A5A8EFE-F23C-413D-A7B0-68E775E88C6C}.Release|Win32.Deploy.0 = Release|Win32
		{8A5A8EFE-F23C-413D-A7B0-68E775E88C6C}.Release|x64.ActiveCfg = Release|x64
		{8A5A8EFE-F23C-413D-A7B0-68E775E88C6C}.Release|x64.Build.0 = Release|x64
		{8A5A8EFE-F23C-413D-A7B0-68E775E88C6C}.Release|x64.Deploy.0 = Release|x64
		{7CBEB281-B444-4733-846D-CC44E0E7D053}.Debug|Win32.ActiveCfg = Debug|Win32
		{7CBEB281-B444-4733-846D-CC44E0E7D053}.Debug|Win32.Build.0 = Debug|Win32
		{7CBEB281-B444-4733-846D-CC44E0E7D053}.Debug|Win32.Deploy.0 = Debug|Win32
		{7CBEB281-B444-4733-846D-CC44E0E7D053}.Debug|x64.ActiveCfg = Debug|x64
		{7CBEB281-B444-4733-846D-CC44E0E7D053}.Debug|x64.Build.0 = Debug|x64
		{7CBEB281-B444-4733-846D-CC44E0E7D053}.Debug|x64.Deploy.0 = Debug|x64
		{7CBEB281-B444-4733-846D-CC44E0E7D053}.Release|Win32.ActiveCfg = Release|Win32
		{7CBEB281-B444-4733-846D-CC44E0E7D053}.Release|Win32.Build.0 = Release|Win32
		{7CBEB281-B444-4733-846D-CC44E0E7D053}.Release|Win32.Deploy.0 = Release|Win32
		{7CBEB281-B444-4733-846D-CC44E0E7D053}.Release|x64.ActiveCfg = Release|x64
		{7CBEB281-B444-4733-846D-CC44E0E7D053}.Release|x64.Build.0 = Release|x64
		{7CBEB281-B444-4733-846D-CC44E0E7D053}.Release|x64.Deploy.0 = Release|x64
	EndGlobalSection
	GlobalSection(SolutionProperties) = preSolution
		HideSolutionNode = FALSE
	EndGlobalSection
EndGlobal
