
Microsoft Visual Studio Solution File, Format Version 11.00
# Visual Studio 2010
Project("{8BC9CEB8-8B4A-11D0-8D11-00A0C91BC942}") = "3d", "3d.vcxproj", "{2076AA62-106D-4F0C-858E-40D7375C3979}"
EndProject
Project("{8BC9CEB8-8B4A-11D0-8D11-00A0C91BC942}") = "3d_multi", "3d_multi.vcxproj", "{6AE51184-5866-4EB3-A173-1666A61ABED1}"
EndProject
Project("{8BC9CEB8-8B4A-11D0-8D11-00A0C91BC942}") = "event_parameter", "event_parameter.vcxproj", "{7B5B457C-4C87-408E-845A-3E5A4ED211F4}"
EndProject
Project("{8BC9CEB8-8B4A-11D0-8D11-00A0C91BC942}") = "load_banks", "load_banks.vcxproj", "{3DB809AB-69B0-473C-8A63-EFE246117632}"
EndProject
Project("{8BC9CEB8-8B4A-11D0-8D11-00A0C91BC942}") = "music_callbacks", "music_callbacks.vcxproj", "{125283DB-D525-4931-8C42-700FE508709C}"
EndProject
Project("{8BC9CEB8-8B4A-11D0-8D11-00A0C91BC942}") = "objectpan", "objectpan.vcxproj", "{3921FB5A-D9E0-4546-8D7A-8FC350BDBBB4}"
EndProject
Project("{8BC9CEB8-8B4A-11D0-8D11-00A0C91BC942}") = "programmer_sound", "programmer_sound.vcxproj", "{E2CF01F6-FE83-4756-817D-AEBD5C397E55}"
EndProject
Project("{8BC9CEB8-8B4A-11D0-8D11-00A0C91BC942}") = "recording_playback", "recording_playback.vcxproj", "{C21EFE68-A040-4B64-B5DB-B9C6A538A389}"
EndProject
Project("{8BC9CEB8-8B4A-11D0-8D11-00A0C91BC942}") = "simple_event", "simple_event.vcxproj", "{7F14C09B-EDF0-4CA0-955F-19CEC559B011}"
EndProject
Global
	GlobalSection(SolutionConfigurationPlatforms) = preSolution
		Debug|Win32 = Debug|Win32
		Debug|x64 = Debug|x64
		Release|Win32 = Release|Win32
		Release|x64 = Release|x64
	EndGlobalSection
	GlobalSection(ProjectConfigurationPlatforms) = postSolution
		{2076AA62-106D-4F0C-858E-40D7375C3979}.Debug|Win32.ActiveCfg = Debug|Win32
		{2076AA62-106D-4F0C-858E-40D7375C3979}.Debug|Win32.Build.0 = Debug|Win32
		{2076AA62-106D-4F0C-858E-40D7375C3979}.Debug|Win32.Deploy.0 = Debug|Win32
		{2076AA62-106D-4F0C-858E-40D7375C3979}.Debug|x64.ActiveCfg = Debug|x64
		{2076AA62-106D-4F0C-858E-40D7375C3979}.Debug|x64.Build.0 = Debug|x64
		{2076AA62-106D-4F0C-858E-40D7375C3979}.Debug|x64.Deploy.0 = Debug|x64
		{2076AA62-106D-4F0C-858E-40D7375C3979}.Release|Win32.ActiveCfg = Release|Win32
		{2076AA62-106D-4F0C-858E-40D7375C3979}.Release|Win32.Build.0 = Release|Win32
		{2076AA62-106D-4F0C-858E-40D7375C3979}.Release|Win32.Deploy.0 = Release|Win32
		{2076AA62-106D-4F0C-858E-40D7375C3979}.Release|x64.ActiveCfg = Release|x64
		{2076AA62-106D-4F0C-858E-40D7375C3979}.Release|x64.Build.0 = Release|x64
		{2076AA62-106D-4F0C-858E-40D7375C3979}.Release|x64.Deploy.0 = Release|x64
		{6AE51184-5866-4EB3-A173-1666A61ABED1}.Debug|Win32.ActiveCfg = Debug|Win32
		{6AE51184-5866-4EB3-A173-1666A61ABED1}.Debug|Win32.Build.0 = Debug|Win32
		{6AE51184-5866-4EB3-A173-1666A61ABED1}.Debug|Win32.Deploy.0 = Debug|Win32
		{6AE51184-5866-4EB3-A173-1666A61ABED1}.Debug|x64.ActiveCfg = Debug|x64
		{6AE51184-5866-4EB3-A173-1666A61ABED1}.Debug|x64.Build.0 = Debug|x64
		{6AE51184-5866-4EB3-A173-1666A61ABED1}.Debug|x64.Deploy.0 = Debug|x64
		{6AE51184-5866-4EB3-A173-1666A61ABED1}.Release|Win32.ActiveCfg = Release|Win32
		{6AE51184-5866-4EB3-A173-1666A61ABED1}.Release|Win32.Build.0 = Release|Win32
		{6AE51184-5866-4EB3-A173-1666A61ABED1}.Release|Win32.Deploy.0 = Release|Win32
		{6AE51184-5866-4EB3-A173-1666A61ABED1}.Release|x64.ActiveCfg = Release|x64
		{6AE51184-5866-4EB3-A173-1666A61ABED1}.Release|x64.Build.0 = Release|x64
		{6AE51184-5866-4EB3-A173-1666A61ABED1}.Release|x64.Deploy.0 = Release|x64
		{7B5B457C-4C87-408E-845A-3E5A4ED211F4}.Debug|Win32.ActiveCfg = Debug|Win32
		{7B5B457C-4C87-408E-845A-3E5A4ED211F4}.Debug|Win32.Build.0 = Debug|Win32
		{7B5B457C-4C87-408E-845A-3E5A4ED211F4}.Debug|Win32.Deploy.0 = Debug|Win32
		{7B5B457C-4C87-408E-845A-3E5A4ED211F4}.Debug|x64.ActiveCfg = Debug|x64
		{7B5B457C-4C87-408E-845A-3E5A4ED211F4}.Debug|x64.Build.0 = Debug|x64
		{7B5B457C-4C87-408E-845A-3E5A4ED211F4}.Debug|x64.Deploy.0 = Debug|x64
		{7B5B457C-4C87-408E-845A-3E5A4ED211F4}.Release|Win32.ActiveCfg = Release|Win32
		{7B5B457C-4C87-408E-845A-3E5A4ED211F4}.Release|Win32.Build.0 = Release|Win32
		{7B5B457C-4C87-408E-845A-3E5A4ED211F4}.Release|Win32.Deploy.0 = Release|Win32
		{7B5B457C-4C87-408E-845A-3E5A4ED211F4}.Release|x64.ActiveCfg = Release|x64
		{7B5B457C-4C87-408E-845A-3E5A4ED211F4}.Release|x64.Build.0 = Release|x64
		{7B5B457C-4C87-408E-845A-3E5A4ED211F4}.Release|x64.Deploy.0 = Release|x64
		{3DB809AB-69B0-473C-8A63-EFE246117632}.Debug|Win32.ActiveCfg = Debug|Win32
		{3DB809AB-69B0-473C-8A63-EFE246117632}.Debug|Win32.Build.0 = Debug|Win32
		{3DB809AB-69B0-473C-8A63-EFE246117632}.Debug|Win32.Deploy.0 = Debug|Win32
		{3DB809AB-69B0-473C-8A63-EFE246117632}.Debug|x64.ActiveCfg = Debug|x64
		{3DB809AB-69B0-473C-8A63-EFE246117632}.Debug|x64.Build.0 = Debug|x64
		{3DB809AB-69B0-473C-8A63-EFE246117632}.Debug|x64.Deploy.0 = Debug|x64
		{3DB809AB-69B0-473C-8A63-EFE246117632}.Release|Win32.ActiveCfg = Release|Win32
		{3DB809AB-69B0-473C-8A63-EFE246117632}.Release|Win32.Build.0 = Release|Win32
		{3DB809AB-69B0-473C-8A63-EFE246117632}.Release|Win32.Deploy.0 = Release|Win32
		{3DB809AB-69B0-473C-8A63-EFE246117632}.Release|x64.ActiveCfg = Release|x64
		{3DB809AB-69B0-473C-8A63-EFE246117632}.Release|x64.Build.0 = Release|x64
		{3DB809AB-69B0-473C-8A63-EFE246117632}.Release|x64.Deploy.0 = Release|x64
		{125283DB-D525-4931-8C42-700FE508709C}.Debug|Win32.ActiveCfg = Debug|Win32
		{125283DB-D525-4931-8C42-700FE508709C}.Debug|Win32.Build.0 = Debug|Win32
		{125283DB-D525-4931-8C42-700FE508709C}.Debug|Win32.Deploy.0 = Debug|Win32
		{125283DB-D525-4931-8C42-700FE508709C}.Debug|x64.ActiveCfg = Debug|x64
		{125283DB-D525-4931-8C42-700FE508709C}.Debug|x64.Build.0 = Debug|x64
		{125283DB-D525-4931-8C42-700FE508709C}.Debug|x64.Deploy.0 = Debug|x64
		{125283DB-D525-4931-8C42-700FE508709C}.Release|Win32.ActiveCfg = Release|Win32
		{125283DB-D525-4931-8C42-700FE508709C}.Release|Win32.Build.0 = Release|Win32
		{125283DB-D525-4931-8C42-700FE508709C}.Release|Win32.Deploy.0 = Release|Win32
		{125283DB-D525-4931-8C42-700FE508709C}.Release|x64.ActiveCfg = Release|x64
		{125283DB-D525-4931-8C42-700FE508709C}.Release|x64.Build.0 = Release|x64
		{125283DB-D525-4931-8C42-700FE508709C}.Release|x64.Deploy.0 = Release|x64
		{3921FB5A-D9E0-4546-8D7A-8FC350BDBBB4}.Debug|Win32.ActiveCfg = Debug|Win32
		{3921FB5A-D9E0-4546-8D7A-8FC350BDBBB4}.Debug|Win32.Build.0 = Debug|Win32
		{3921FB5A-D9E0-4546-8D7A-8FC350BDBBB4}.Debug|Win32.Deploy.0 = Debug|Win32
		{3921FB5A-D9E0-4546-8D7A-8FC350BDBBB4}.Debug|x64.ActiveCfg = Debug|x64
		{3921FB5A-D9E0-4546-8D7A-8FC350BDBBB4}.Debug|x64.Build.0 = Debug|x64
		{3921FB5A-D9E0-4546-8D7A-8FC350BDBBB4}.Debug|x64.Deploy.0 = Debug|x64
		{3921FB5A-D9E0-4546-8D7A-8FC350BDBBB4}.Release|Win32.ActiveCfg = Release|Win32
		{3921FB5A-D9E0-4546-8D7A-8FC350BDBBB4}.Release|Win32.Build.0 = Release|Win32
		{3921FB5A-D9E0-4546-8D7A-8FC350BDBBB4}.Release|Win32.Deploy.0 = Release|Win32
		{3921FB5A-D9E0-4546-8D7A-8FC350BDBBB4}.Release|x64.ActiveCfg = Release|x64
		{3921FB5A-D9E0-4546-8D7A-8FC350BDBBB4}.Release|x64.Build.0 = Release|x64
		{3921FB5A-D9E0-4546-8D7A-8FC350BDBBB4}.Release|x64.Deploy.0 = Release|x64
		{E2CF01F6-FE83-4756-817D-AEBD5C397E55}.Debug|Win32.ActiveCfg = Debug|Win32
		{E2CF01F6-FE83-4756-817D-AEBD5C397E55}.Debug|Win32.Build.0 = Debug|Win32
		{E2CF01F6-FE83-4756-817D-AEBD5C397E55}.Debug|Win32.Deploy.0 = Debug|Win32
		{E2CF01F6-FE83-4756-817D-AEBD5C397E55}.Debug|x64.ActiveCfg = Debug|x64
		{E2CF01F6-FE83-4756-817D-AEBD5C397E55}.Debug|x64.Build.0 = Debug|x64
		{E2CF01F6-FE83-4756-817D-AEBD5C397E55}.Debug|x64.Deploy.0 = Debug|x64
		{E2CF01F6-FE83-4756-817D-AEBD5C397E55}.Release|Win32.ActiveCfg = Release|Win32
		{E2CF01F6-FE83-4756-817D-AEBD5C397E55}.Release|Win32.Build.0 = Release|Win32
		{E2CF01F6-FE83-4756-817D-AEBD5C397E55}.Release|Win32.Deploy.0 = Release|Win32
		{E2CF01F6-FE83-4756-817D-AEBD5C397E55}.Release|x64.ActiveCfg = Release|x64
		{E2CF01F6-FE83-4756-817D-AEBD5C397E55}.Release|x64.Build.0 = Release|x64
		{E2CF01F6-FE83-4756-817D-AEBD5C397E55}.Release|x64.Deploy.0 = Release|x64
		{C21EFE68-A040-4B64-B5DB-B9C6A538A389}.Debug|Win32.ActiveCfg = Debug|Win32
		{C21EFE68-A040-4B64-B5DB-B9C6A538A389}.Debug|Win32.Build.0 = Debug|Win32
		{C21EFE68-A040-4B64-B5DB-B9C6A538A389}.Debug|Win32.Deploy.0 = Debug|Win32
		{C21EFE68-A040-4B64-B5DB-B9C6A538A389}.Debug|x64.ActiveCfg = Debug|x64
		{C21EFE68-A040-4B64-B5DB-B9C6A538A389}.Debug|x64.Build.0 = Debug|x64
		{C21EFE68-A040-4B64-B5DB-B9C6A538A389}.Debug|x64.Deploy.0 = Debug|x64
		{C21EFE68-A040-4B64-B5DB-B9C6A538A389}.Release|Win32.ActiveCfg = Release|Win32
		{C21EFE68-A040-4B64-B5DB-B9C6A538A389}.Release|Win32.Build.0 = Release|Win32
		{C21EFE68-A040-4B64-B5DB-B9C6A538A389}.Release|Win32.Deploy.0 = Release|Win32
		{C21EFE68-A040-4B64-B5DB-B9C6A538A389}.Release|x64.ActiveCfg = Release|x64
		{C21EFE68-A040-4B64-B5DB-B9C6A538A389}.Release|x64.Build.0 = Release|x64
		{C21EFE68-A040-4B64-B5DB-B9C6A538A389}.Release|x64.Deploy.0 = Release|x64
		{7F14C09B-EDF0-4CA0-955F-19CEC559B011}.Debug|Win32.ActiveCfg = Debug|Win32
		{7F14C09B-EDF0-4CA0-955F-19CEC559B011}.Debug|Win32.Build.0 = Debug|Win32
		{7F14C09B-EDF0-4CA0-955F-19CEC559B011}.Debug|Win32.Deploy.0 = Debug|Win32
		{7F14C09B-EDF0-4CA0-955F-19CEC559B011}.Debug|x64.ActiveCfg = Debug|x64
		{7F14C09B-EDF0-4CA0-955F-19CEC559B011}.Debug|x64.Build.0 = Debug|x64
		{7F14C09B-EDF0-4CA0-955F-19CEC559B011}.Debug|x64.Deploy.0 = Debug|x64
		{7F14C09B-EDF0-4CA0-955F-19CEC559B011}.Release|Win32.ActiveCfg = Release|Win32
		{7F14C09B-EDF0-4CA0-955F-19CEC559B011}.Release|Win32.Build.0 = Release|Win32
		{7F14C09B-EDF0-4CA0-955F-19CEC559B011}.Release|Win32.Deploy.0 = Release|Win32
		{7F14C09B-EDF0-4CA0-955F-19CEC559B011}.Release|x64.ActiveCfg = Release|x64
		{7F14C09B-EDF0-4CA0-955F-19CEC559B011}.Release|x64.Build.0 = Release|x64
		{7F14C09B-EDF0-4CA0-955F-19CEC559B011}.Release|x64.Deploy.0 = Release|x64
	EndGlobalSection
	GlobalSection(SolutionProperties) = preSolution
		HideSolutionNode = FALSE
	EndGlobalSection
EndGlobal
