<?xml version="1.0" encoding="utf-8"?>
<Project ToolsVersion="4.0" xmlns="http://schemas.microsoft.com/developer/msbuild/2003">
  <ItemGroup>
    <Filter Include="소스 파일">
      <UniqueIdentifier>{4FC737F1-C7A5-4376-A066-2A32D752A2FF}</UniqueIdentifier>
      <Extensions>cpp;c;cc;cxx;def;odl;idl;hpj;bat;asm;asmx</Extensions>
    </Filter>
    <Filter Include="헤더 파일">
      <UniqueIdentifier>{93995380-89BD-4b04-88EB-625FBE52EBFB}</UniqueIdentifier>
      <Extensions>h;hh;hpp;hxx;hm;inl;inc;ipp;xsd</Extensions>
    </Filter>
    <Filter Include="리소스 파일">
      <UniqueIdentifier>{67DA6AB6-F800-4c08-8B7A-83BB121AAD01}</UniqueIdentifier>
      <Extensions>rc;ico;cur;bmp;dlg;rc2;rct;bin;rgs;gif;jpg;jpeg;jpe;resx;tiff;tif;png;wav;mfcribbon-ms</Extensions>
    </Filter>
    <Filter Include="소스 파일\Scenes">
      <UniqueIdentifier>{7bb9cd32-2dfa-428e-a827-490970d14fa1}</UniqueIdentifier>
    </Filter>
    <Filter Include="소스 파일\Singletons">
      <UniqueIdentifier>{ca35a2a8-c91f-4c75-b53b-543e3b17f807}</UniqueIdentifier>
    </Filter>
    <Filter Include="소스 파일\InGamePart">
      <UniqueIdentifier>{964bc396-2645-438d-8dbd-f3222698092a}</UniqueIdentifier>
    </Filter>
    <Filter Include="소스 파일\Renders">
      <UniqueIdentifier>{ea4f19f6-9b16-4ef8-8be2-c4ca91d2de9d}</UniqueIdentifier>
    </Filter>
    <Filter Include="리소스 파일\image">
      <UniqueIdentifier>{4924b71d-915f-402f-a78c-5e0080dc9cd8}</UniqueIdentifier>
    </Filter>
    <Filter Include="리소스 파일\image\Neoguri">
      <UniqueIdentifier>{cccd4823-48eb-4c47-9889-759a8fbd523f}</UniqueIdentifier>
    </Filter>
    <Filter Include="리소스 파일\image\Monster">
      <UniqueIdentifier>{5757a5b9-1958-4404-864c-fef849cfbffa}</UniqueIdentifier>
    </Filter>
    <Filter Include="리소스 파일\image\SceneBG">
      <UniqueIdentifier>{ec19981f-6749-450c-9b58-044237191b53}</UniqueIdentifier>
    </Filter>
    <Filter Include="리소스 파일\image\Map">
      <UniqueIdentifier>{ef12d3c8-c498-48b2-9fe5-d3f34faef398}</UniqueIdentifier>
    </Filter>
    <Filter Include="리소스 파일\image\Neoguri\left">
      <UniqueIdentifier>{cd378c7a-f870-4862-bcae-3ea2ae846e68}</UniqueIdentifier>
    </Filter>
    <Filter Include="리소스 파일\image\Neoguri\right">
      <UniqueIdentifier>{d987152f-bae7-40d7-91af-314b20a34359}</UniqueIdentifier>
    </Filter>
    <Filter Include="소스 파일\InterFaces">
      <UniqueIdentifier>{0630ad00-c38f-4742-8684-9c6968cf1bc2}</UniqueIdentifier>
    </Filter>
    <Filter Include="소스 파일\MainGameClass">
      <UniqueIdentifier>{137fc62a-d6e7-40f5-9a9b-ff8a4eaa9310}</UniqueIdentifier>
    </Filter>
    <Filter Include="리소스 파일\image\Neoguri\fall">
      <UniqueIdentifier>{0f1527db-d0e6-4435-a2f6-c108c4f32ba2}</UniqueIdentifier>
    </Filter>
    <Filter Include="리소스 파일\image\Neoguri\leftjump">
      <UniqueIdentifier>{8b2c20ef-1f31-4ca6-a26b-351abc2ab01e}</UniqueIdentifier>
    </Filter>
    <Filter Include="리소스 파일\image\Neoguri\rightjump">
      <UniqueIdentifier>{79cc621d-9165-4b96-b80d-e2af63c0d8be}</UniqueIdentifier>
    </Filter>
    <Filter Include="리소스 파일\image\Neoguri\climb">
      <UniqueIdentifier>{8d01253f-b1f1-4962-838d-5977ce247f69}</UniqueIdentifier>
    </Filter>
    <Filter Include="리소스 파일\image\Neoguri\idle&amp;jump">
      <UniqueIdentifier>{7ea69f74-9d7c-45b9-93bc-44b0b2dc5963}</UniqueIdentifier>
    </Filter>
    <Filter Include="리소스 파일\image\Prey">
      <UniqueIdentifier>{93898bdc-d4ce-49a4-9185-fc8c274c5f59}</UniqueIdentifier>
    </Filter>
  </ItemGroup>
  <ItemGroup>
    <ClInclude Include="stdafx.h">
      <Filter>헤더 파일</Filter>
    </ClInclude>
    <ClInclude Include="targetver.h">
      <Filter>헤더 파일</Filter>
    </ClInclude>
    <ClInclude Include="Resource.h">
      <Filter>헤더 파일</Filter>
    </ClInclude>
    <ClInclude Include="Scene.h">
      <Filter>소스 파일\Scenes</Filter>
    </ClInclude>
    <ClInclude Include="KeyMgr.h">
      <Filter>소스 파일\Singletons</Filter>
    </ClInclude>
    <ClInclude Include="TimeMgr.h">
      <Filter>소스 파일\Singletons</Filter>
    </ClInclude>
    <ClInclude Include="SceneMgr.h">
      <Filter>소스 파일\Singletons</Filter>
    </ClInclude>
    <ClInclude Include="Map.h">
      <Filter>소스 파일\InGamePart</Filter>
    </ClInclude>
    <ClInclude Include="Monster.h">
      <Filter>소스 파일\InGamePart</Filter>
    </ClInclude>
    <ClInclude Include="Neoguri.h">
      <Filter>소스 파일\InGamePart</Filter>
    </ClInclude>
    <ClInclude Include="Obstacle.h">
      <Filter>소스 파일\InGamePart</Filter>
    </ClInclude>
    <ClInclude Include="Prey.h">
      <Filter>소스 파일\InGamePart</Filter>
    </ClInclude>
    <ClInclude Include="Renderer.h">
      <Filter>소스 파일\Renders</Filter>
    </ClInclude>
    <ClInclude Include="Animator.h">
      <Filter>소스 파일\Renders</Filter>
    </ClInclude>
    <ClInclude Include="InGame.h">
      <Filter>소스 파일\Scenes</Filter>
    </ClInclude>
    <ClInclude Include="GameCenter.h">
      <Filter>소스 파일\MainGameClass</Filter>
    </ClInclude>
    <ClInclude Include="Basic_Value.h">
      <Filter>소스 파일\MainGameClass</Filter>
    </ClInclude>
    <ClInclude Include="PartsMgr.h">
      <Filter>소스 파일\MainGameClass</Filter>
    </ClInclude>
    <ClInclude Include="ComeBackNGR.h">
      <Filter>헤더 파일</Filter>
    </ClInclude>
    <ClInclude Include="Texture.h">
      <Filter>소스 파일\Renders</Filter>
    </ClInclude>
    <ClInclude Include="예제 CooperativeMultitasker.h">
      <Filter>소스 파일</Filter>
    </ClInclude>
    <ClInclude Include="Observer.h">
      <Filter>소스 파일\InterFaces</Filter>
    </ClInclude>
    <ClInclude Include="EventBus.h">
      <Filter>소스 파일\InterFaces</Filter>
    </ClInclude>
    <ClInclude Include="InGamePart.h">
      <Filter>소스 파일\InterFaces</Filter>
    </ClInclude>
    <ClInclude Include="ChainResponsibility.h">
      <Filter>소스 파일\InterFaces</Filter>
    </ClInclude>
    <ClInclude Include="Collider.h">
      <Filter>소스 파일\InterFaces</Filter>
    </ClInclude>
    <ClInclude Include="EventCollecion.h">
      <Filter>소스 파일\InterFaces</Filter>
    </ClInclude>
    <ClInclude Include="Logger.h">
      <Filter>소스 파일\Singletons</Filter>
    </ClInclude>
    <ClInclude Include="SoundMgr.h">
      <Filter>소스 파일\Singletons</Filter>
    </ClInclude>
  </ItemGroup>
  <ItemGroup>
    <ClCompile Include="예제 state.cpp">
      <Filter>소스 파일</Filter>
    </ClCompile>
    <ClCompile Include="Scene.cpp">
      <Filter>소스 파일\Scenes</Filter>
    </ClCompile>
    <ClCompile Include="KeyMgr.cpp">
      <Filter>소스 파일\Singletons</Filter>
    </ClCompile>
    <ClCompile Include="TimeMgr.cpp">
      <Filter>소스 파일\Singletons</Filter>
    </ClCompile>
    <ClCompile Include="SceneMgr.cpp">
      <Filter>소스 파일\Singletons</Filter>
    </ClCompile>
    <ClCompile Include="Map.cpp">
      <Filter>소스 파일\InGamePart</Filter>
    </ClCompile>
    <ClCompile Include="Monster.cpp">
      <Filter>소스 파일\InGamePart</Filter>
    </ClCompile>
    <ClCompile Include="Neoguri.cpp">
      <Filter>소스 파일\InGamePart</Filter>
    </ClCompile>
    <ClCompile Include="Obstacle.cpp">
      <Filter>소스 파일\InGamePart</Filter>
    </ClCompile>
    <ClCompile Include="Prey.cpp">
      <Filter>소스 파일\InGamePart</Filter>
    </ClCompile>
    <ClCompile Include="Renderer.cpp">
      <Filter>소스 파일\Renders</Filter>
    </ClCompile>
    <ClCompile Include="InGame.cpp">
      <Filter>소스 파일\Scenes</Filter>
    </ClCompile>
    <ClCompile Include="GameCenter.cpp">
      <Filter>소스 파일\MainGameClass</Filter>
    </ClCompile>
    <ClCompile Include="PartsMgr.cpp">
      <Filter>소스 파일\MainGameClass</Filter>
    </ClCompile>
    <ClCompile Include="ComeBackNGR.cpp">
      <Filter>소스 파일</Filter>
    </ClCompile>
    <ClCompile Include="Texture.cpp">
      <Filter>소스 파일\Renders</Filter>
    </ClCompile>
    <ClCompile Include="Basic_Value.cpp">
      <Filter>소스 파일\MainGameClass</Filter>
    </ClCompile>
    <ClCompile Include="Animator.cpp">
      <Filter>소스 파일\Renders</Filter>
    </ClCompile>
    <ClCompile Include="stdafx.cpp">
      <Filter>헤더 파일</Filter>
    </ClCompile>
    <ClCompile Include="예제 component.cpp">
      <Filter>소스 파일</Filter>
    </ClCompile>
    <ClCompile Include="예제 mediator.cpp">
      <Filter>소스 파일</Filter>
    </ClCompile>
    <ClCompile Include="예제 CooperativeMultitasker.cpp">
      <Filter>소스 파일</Filter>
    </ClCompile>
    <ClCompile Include="예제 책임연쇄.cpp">
      <Filter>소스 파일</Filter>
    </ClCompile>
    <ClCompile Include="InGamePart.cpp">
      <Filter>소스 파일\InterFaces</Filter>
    </ClCompile>
    <ClCompile Include="ChainResponsibility.cpp">
      <Filter>소스 파일\InterFaces</Filter>
    </ClCompile>
    <ClCompile Include="Collider.cpp">
      <Filter>소스 파일\InterFaces</Filter>
    </ClCompile>
    <ClCompile Include="EventBus.cpp">
      <Filter>소스 파일\InterFaces</Filter>
    </ClCompile>
    <ClCompile Include="SoundMgr.cpp">
      <Filter>소스 파일\Singletons</Filter>
    </ClCompile>
  </ItemGroup>
  <ItemGroup>
    <ResourceCompile Include="ComeBackNGR.rc">
      <Filter>리소스 파일</Filter>
    </ResourceCompile>
  </ItemGroup>
  <ItemGroup>
    <Image Include="small.ico">
      <Filter>리소스 파일</Filter>
    </Image>
    <Image Include="ComeBackNGR.ico">
      <Filter>리소스 파일</Filter>
    </Image>
    <Image Include="image\Ponpoko.bmp">
      <Filter>리소스 파일</Filter>
    </Image>
    <Image Include="image\monster\m1.bmp">
      <Filter>리소스 파일\image\Monster</Filter>
    </Image>
    <Image Include="image\monster\m2.bmp">
      <Filter>리소스 파일\image\Monster</Filter>
    </Image>
    <Image Include="image\openingimage.bmp">
      <Filter>리소스 파일\image\SceneBG</Filter>
    </Image>
    <Image Include="image\defaultBG.bmp">
      <Filter>리소스 파일\image\SceneBG</Filter>
    </Image>
    <Image Include="image\endingimage.bmp">
      <Filter>리소스 파일</Filter>
    </Image>
    <Image Include="image\defaultBG.png">
      <Filter>리소스 파일</Filter>
    </Image>
    <Image Include="image\map\mapsample.bmp">
      <Filter>리소스 파일\image\Map</Filter>
    </Image>
    <Image Include="image\ingameimage.bmp">
      <Filter>리소스 파일</Filter>
    </Image>
    <Image Include="image\ponpoko_move\MoveLeft\0.bmp">
      <Filter>리소스 파일\image\Neoguri\left</Filter>
    </Image>
    <Image Include="image\ponpoko_move\MoveRight\0.bmp">
      <Filter>리소스 파일\image\Neoguri\right</Filter>
    </Image>
    <Image Include="image\ponpoko_move\MoveLeft\1.bmp">
      <Filter>리소스 파일\image\Neoguri\left</Filter>
    </Image>
    <Image Include="image\ponpoko_move\MoveRight\1.bmp">
      <Filter>리소스 파일\image\Neoguri\right</Filter>
    </Image>
    <Image Include="image\ponpoko_move\MoveLeft\2.bmp">
      <Filter>리소스 파일\image\Neoguri\left</Filter>
    </Image>
    <Image Include="image\ponpoko_move\MoveRight\2.bmp">
      <Filter>리소스 파일\image\Neoguri\right</Filter>
    </Image>
    <Image Include="image\ponpoko_move\MoveLeft\3.bmp">
      <Filter>리소스 파일\image\Neoguri\left</Filter>
    </Image>
    <Image Include="image\ponpoko_move\MoveRight\3.bmp">
      <Filter>리소스 파일\image\Neoguri\right</Filter>
    </Image>
    <Image Include="image\ponpoko_move\MoveRight\4.bmp">
      <Filter>리소스 파일\image\Neoguri\right</Filter>
    </Image>
    <Image Include="image\ponpoko_move\MoveLeft\4.bmp">
      <Filter>리소스 파일\image\Neoguri\left</Filter>
    </Image>
    <Image Include="image\ponpoko_move\Fall\fall1.bmp">
      <Filter>리소스 파일\image\Neoguri\fall</Filter>
    </Image>
    <Image Include="image\ponpoko_move\Fall\fall2.bmp">
      <Filter>리소스 파일\image\Neoguri\fall</Filter>
    </Image>
    <Image Include="image\ponpoko_move\Fall\fall3.bmp">
      <Filter>리소스 파일\image\Neoguri\fall</Filter>
    </Image>
    <Image Include="image\ponpoko_move\Fall\fall4.bmp">
      <Filter>리소스 파일\image\Neoguri\fall</Filter>
    </Image>
    <Image Include="image\ponpoko_move\moveleft\bitmap1.bmp">
      <Filter>리소스 파일</Filter>
    </Image>
    <Image Include="image\ponpoko_move\LeftJump\j1.bmp">
      <Filter>리소스 파일\image\Neoguri\leftjump</Filter>
    </Image>
    <Image Include="image\ponpoko_move\LeftJump\j2.bmp">
      <Filter>리소스 파일\image\Neoguri\leftjump</Filter>
    </Image>
    <Image Include="image\ponpoko_move\LeftJump\j3.bmp">
      <Filter>리소스 파일\image\Neoguri\leftjump</Filter>
    </Image>
    <Image Include="image\ponpoko_move\LeftJump\j4.bmp">
      <Filter>리소스 파일\image\Neoguri\leftjump</Filter>
    </Image>
    <Image Include="image\ponpoko_move\LeftJump\j5.bmp">
      <Filter>리소스 파일\image\Neoguri\leftjump</Filter>
    </Image>
    <Image Include="image\ponpoko_move\LeftJump\j6.bmp">
      <Filter>리소스 파일\image\Neoguri\leftjump</Filter>
    </Image>
    <Image Include="image\ponpoko_move\LeftJump\j7.bmp">
      <Filter>리소스 파일\image\Neoguri\leftjump</Filter>
    </Image>
    <Image Include="image\ponpoko_move\LeftJump\j8.bmp">
      <Filter>리소스 파일\image\Neoguri\leftjump</Filter>
    </Image>
    <Image Include="image\ponpoko_move\RightJump\j3.bmp">
      <Filter>리소스 파일\image\Neoguri\rightjump</Filter>
    </Image>
    <Image Include="image\ponpoko_move\RightJump\j4.bmp">
      <Filter>리소스 파일\image\Neoguri\rightjump</Filter>
    </Image>
    <Image Include="image\ponpoko_move\RightJump\j5.bmp">
      <Filter>리소스 파일\image\Neoguri\rightjump</Filter>
    </Image>
    <Image Include="image\ponpoko_move\RightJump\j6.bmp">
      <Filter>리소스 파일\image\Neoguri\rightjump</Filter>
    </Image>
    <Image Include="image\ponpoko_move\RightJump\j7.bmp">
      <Filter>리소스 파일\image\Neoguri\rightjump</Filter>
    </Image>
    <Image Include="image\ponpoko_move\RightJump\j8.bmp">
      <Filter>리소스 파일\image\Neoguri\rightjump</Filter>
    </Image>
    <Image Include="image\ponpoko_move\RightJump\j1.bmp">
      <Filter>리소스 파일\image\Neoguri\rightjump</Filter>
    </Image>
    <Image Include="image\ponpoko_move\RightJump\j2.bmp">
      <Filter>리소스 파일\image\Neoguri\rightjump</Filter>
    </Image>
    <Image Include="image\ponpoko_move\climb\c2.bmp">
      <Filter>리소스 파일\image\Neoguri\climb</Filter>
    </Image>
    <Image Include="image\ponpoko_move\climb\c1.bmp">
      <Filter>리소스 파일\image\Neoguri\climb</Filter>
    </Image>
    <Image Include="image\ponpoko_move\Idle\cats-crop1.bmp">
      <Filter>리소스 파일\image\Neoguri\idle&amp;jump</Filter>
    </Image>
    <Image Include="image\ponpoko_move\Idle\cats-crop2.bmp">
      <Filter>리소스 파일\image\Neoguri\idle&amp;jump</Filter>
    </Image>
    <Image Include="image\ponpoko_move\Idle\cats-crop3.bmp">
      <Filter>리소스 파일\image\Neoguri\idle&amp;jump</Filter>
    </Image>
    <Image Include="image\ponpoko_move\Idle\cats-crop4.bmp">
      <Filter>리소스 파일\image\Neoguri\idle&amp;jump</Filter>
    </Image>
    <Image Include="image\ponpoko_move\Idle\cats-crop5.bmp">
      <Filter>리소스 파일\image\Neoguri\idle&amp;jump</Filter>
    </Image>
    <Image Include="image\ponpoko_move\Idle\cats-crop6.bmp">
      <Filter>리소스 파일\image\Neoguri\idle&amp;jump</Filter>
    </Image>
    <Image Include="image\map\map1.bmp">
      <Filter>리소스 파일\image\Map</Filter>
    </Image>
    <Image Include="image\map\map2.bmp">
      <Filter>리소스 파일\image\Map</Filter>
    </Image>
    <Image Include="image\map\map3.bmp">
      <Filter>리소스 파일\image\Map</Filter>
    </Image>
    <Image Include="image\prey\prey1.bmp">
      <Filter>리소스 파일\image\Prey</Filter>
    </Image>
    <Image Include="image\prey\prey2.bmp">
      <Filter>리소스 파일\image\Prey</Filter>
    </Image>
    <Image Include="image\prey\prey3.bmp">
      <Filter>리소스 파일\image\Prey</Filter>
    </Image>
    <Image Include="image\prey\score3.bmp">
      <Filter>리소스 파일\image\Prey</Filter>
    </Image>
    <Image Include="image\prey\score4.bmp">
      <Filter>리소스 파일\image\Prey</Filter>
    </Image>
    <Image Include="image\prey\score5.bmp">
      <Filter>리소스 파일\image\Prey</Filter>
    </Image>
    <Image Include="image\prey\score1.bmp">
      <Filter>리소스 파일\image\Prey</Filter>
    </Image>
    <Image Include="image\prey\score2.bmp">
      <Filter>리소스 파일\image\Prey</Filter>
    </Image>
    <Image Include="image\monster\monleft2.bmp">
      <Filter>리소스 파일\image\Monster</Filter>
    </Image>
    <Image Include="image\monster\monleft1.bmp">
      <Filter>리소스 파일\image\Monster</Filter>
    </Image>
    <Image Include="image\monster\monright2.bmp">
      <Filter>리소스 파일\image\Monster</Filter>
    </Image>
    <Image Include="image\monster\monright1.bmp">
      <Filter>리소스 파일\image\Monster</Filter>
    </Image>
    <Image Include="image\obstacle\pin.bmp">
      <Filter>리소스 파일\image</Filter>
    </Image>
    <Image Include="image\obstacle\radder.bmp">
      <Filter>리소스 파일\image</Filter>
    </Image>
  </ItemGroup>
</Project>