<?xml version="1.0" encoding="utf-8"?>
<Project ToolsVersion="4.0" xmlns="http://schemas.microsoft.com/developer/msbuild/2003">
  <ItemGroup>
    <Filter Include="소스 파일">
      <UniqueIdentifier>{4FC737F1-C7A5-4376-A066-2A32D752A2FF}</UniqueIdentifier>
      <Extensions>cpp;c;cc;cxx;def;odl;idl;hpj;bat;asm;asmx</Extensions>
    </Filter>
    <Filter Include="헤더 파일">
      <UniqueIdentifier>{93995380-89BD-4b04-88EB-625FBE52EBFB}</UniqueIdentifier>
      <Extensions>h;hh;hpp;hxx;hm;inl;inc;ipp;xsd</Extensions>
    </Filter>
    <Filter Include="리소스 파일">
      <UniqueIdentifier>{67DA6AB6-F800-4c08-8B7A-83BB121AAD01}</UniqueIdentifier>
      <Extensions>rc;ico;cur;bmp;dlg;rc2;rct;bin;rgs;gif;jpg;jpeg;jpe;resx;tiff;tif;png;wav;mfcribbon-ms</Extensions>
    </Filter>
    <Filter Include="소스 파일\Scenes">
      <UniqueIdentifier>{7bb9cd32-2dfa-428e-a827-490970d14fa1}</UniqueIdentifier>
    </Filter>
    <Filter Include="소스 파일\InGame">
      <UniqueIdentifier>{d79be573-1aa4-4d2d-b291-95717462958b}</UniqueIdentifier>
    </Filter>
    <Filter Include="소스 파일\Singletons">
      <UniqueIdentifier>{ca35a2a8-c91f-4c75-b53b-543e3b17f807}</UniqueIdentifier>
    </Filter>
    <Filter Include="소스 파일\InGamePart">
      <UniqueIdentifier>{964bc396-2645-438d-8dbd-f3222698092a}</UniqueIdentifier>
    </Filter>
  </ItemGroup>
  <ItemGroup>
    <ClInclude Include="stdafx.h">
      <Filter>헤더 파일</Filter>
    </ClInclude>
    <ClInclude Include="targetver.h">
      <Filter>헤더 파일</Filter>
    </ClInclude>
    <ClInclude Include="Resource.h">
      <Filter>헤더 파일</Filter>
    </ClInclude>
    <ClInclude Include="ComeBackNGR.h">
      <Filter>헤더 파일</Filter>
    </ClInclude>
    <ClInclude Include="Scene.h">
      <Filter>소스 파일\Scenes</Filter>
    </ClInclude>
    <ClInclude Include="InGame.h">
      <Filter>소스 파일\InGame</Filter>
    </ClInclude>
    <ClInclude Include="KeyMgr.h">
      <Filter>소스 파일\Singletons</Filter>
    </ClInclude>
    <ClInclude Include="Renderer.h">
      <Filter>소스 파일\Singletons</Filter>
    </ClInclude>
    <ClInclude Include="TimeMgr.h">
      <Filter>소스 파일\Singletons</Filter>
    </ClInclude>
    <ClInclude Include="GameCenter.h">
      <Filter>소스 파일</Filter>
    </ClInclude>
    <ClInclude Include="SceneMgr.h">
      <Filter>소스 파일\Singletons</Filter>
    </ClInclude>
    <ClInclude Include="Map.h">
      <Filter>소스 파일\InGamePart</Filter>
    </ClInclude>
    <ClInclude Include="Monster.h">
      <Filter>소스 파일\InGamePart</Filter>
    </ClInclude>
    <ClInclude Include="Neoguri.h">
      <Filter>소스 파일\InGamePart</Filter>
    </ClInclude>
    <ClInclude Include="Obstacle.h">
      <Filter>소스 파일\InGamePart</Filter>
    </ClInclude>
    <ClInclude Include="Prey.h">
      <Filter>소스 파일\InGamePart</Filter>
    </ClInclude>
    <ClInclude Include="InGamePart.h">
      <Filter>소스 파일\InGamePart</Filter>
    </ClInclude>
    <ClInclude Include="PartsMgr.h">
      <Filter>헤더 파일</Filter>
    </ClInclude>
  </ItemGroup>
  <ItemGroup>
    <ClCompile Include="stdafx.cpp">
      <Filter>소스 파일</Filter>
    </ClCompile>
    <ClCompile Include="ComeBackNGR.cpp">
      <Filter>소스 파일</Filter>
    </ClCompile>
    <ClCompile Include="GameCenter.cpp">
      <Filter>소스 파일</Filter>
    </ClCompile>
    <ClCompile Include="예제 state.cpp">
      <Filter>소스 파일</Filter>
    </ClCompile>
    <ClCompile Include="Scene.cpp">
      <Filter>소스 파일\Scenes</Filter>
    </ClCompile>
    <ClCompile Include="InGame.cpp">
      <Filter>소스 파일\InGame</Filter>
    </ClCompile>
    <ClCompile Include="Renderer.cpp">
      <Filter>소스 파일\Singletons</Filter>
    </ClCompile>
    <ClCompile Include="KeyMgr.cpp">
      <Filter>소스 파일\Singletons</Filter>
    </ClCompile>
    <ClCompile Include="TimeMgr.cpp">
      <Filter>소스 파일\Singletons</Filter>
    </ClCompile>
    <ClCompile Include="SceneMgr.cpp">
      <Filter>소스 파일\Singletons</Filter>
    </ClCompile>
    <ClCompile Include="Map.cpp">
      <Filter>소스 파일\InGamePart</Filter>
    </ClCompile>
    <ClCompile Include="Monster.cpp">
      <Filter>소스 파일\InGamePart</Filter>
    </ClCompile>
    <ClCompile Include="Neoguri.cpp">
      <Filter>소스 파일\InGamePart</Filter>
    </ClCompile>
    <ClCompile Include="Obstacle.cpp">
      <Filter>소스 파일\InGamePart</Filter>
    </ClCompile>
    <ClCompile Include="Prey.cpp">
      <Filter>소스 파일\InGamePart</Filter>
    </ClCompile>
    <ClCompile Include="InGamePart.cpp">
      <Filter>소스 파일\InGamePart</Filter>
    </ClCompile>
    <ClCompile Include="PartsMgr.cpp">
      <Filter>소스 파일</Filter>
    </ClCompile>
    <ClCompile Include="예제mediator.cpp">
      <Filter>소스 파일</Filter>
    </ClCompile>
  </ItemGroup>
  <ItemGroup>
    <ResourceCompile Include="ComeBackNGR.rc">
      <Filter>리소스 파일</Filter>
    </ResourceCompile>
  </ItemGroup>
  <ItemGroup>
    <Image Include="small.ico">
      <Filter>리소스 파일</Filter>
    </Image>
    <Image Include="ComeBackNGR.ico">
      <Filter>리소스 파일</Filter>
    </Image>
  </ItemGroup>
</Project>