
Microsoft Visual Studio Solution File, Format Version 11.00
# Visual Studio 2012
Project("{8BC9CEB8-8B4A-11D0-8D11-00A0C91BC942}") = "3d", "3d.vcxproj", "{518CA7B4-AB6A-46AF-981C-ACD49DEA8759}"
EndProject
Project("{8BC9CEB8-8B4A-11D0-8D11-00A0C91BC942}") = "3d_multi", "3d_multi.vcxproj", "{51E14760-7B0A-45A6-8601-E61BFC744E4A}"
EndProject
Project("{8BC9CEB8-8B4A-11D0-8D11-00A0C91BC942}") = "event_parameter", "event_parameter.vcxproj", "{DB89CBE8-D96D-4224-8426-6A127CC1F304}"
EndProject
Project("{8BC9CEB8-8B4A-11D0-8D11-00A0C91BC942}") = "load_banks", "load_banks.vcxproj", "{5B0E1E46-1E74-459D-83B3-D468D9A80FC4}"
EndProject
Project("{8BC9CEB8-8B4A-11D0-8D11-00A0C91BC942}") = "music_callbacks", "music_callbacks.vcxproj", "{C0AA54CF-F521-4269-8BBC-8EC3C1B5482C}"
EndProject
Project("{8BC9CEB8-8B4A-11D0-8D11-00A0C91BC942}") = "objectpan", "objectpan.vcxproj", "{AE77F27C-5C11-46C8-A7CF-C85E00032C8F}"
EndProject
Project("{8BC9CEB8-8B4A-11D0-8D11-00A0C91BC942}") = "programmer_sound", "programmer_sound.vcxproj", "{440209B9-983C-4EFE-BF47-395D53B9D4C4}"
EndProject
Project("{8BC9CEB8-8B4A-11D0-8D11-00A0C91BC942}") = "recording_playback", "recording_playback.vcxproj", "{D406DABD-6452-4713-B655-F1BAB4386192}"
EndProject
Project("{8BC9CEB8-8B4A-11D0-8D11-00A0C91BC942}") = "simple_event", "simple_event.vcxproj", "{79C0457D-25CD-4C93-95FA-7C839B1851B1}"
EndProject
Global
	GlobalSection(SolutionConfigurationPlatforms) = preSolution
		Debug|Win32 = Debug|Win32
		Debug|x64 = Debug|x64
		Release|Win32 = Release|Win32
		Release|x64 = Release|x64
	EndGlobalSection
	GlobalSection(ProjectConfigurationPlatforms) = postSolution
		{518CA7B4-AB6A-46AF-981C-ACD49DEA8759}.Debug|Win32.ActiveCfg = Debug|Win32
		{518CA7B4-AB6A-46AF-981C-ACD49DEA8759}.Debug|Win32.Build.0 = Debug|Win32
		{518CA7B4-AB6A-46AF-981C-ACD49DEA8759}.Debug|Win32.Deploy.0 = Debug|Win32
		{518CA7B4-AB6A-46AF-981C-ACD49DEA8759}.Debug|x64.ActiveCfg = Debug|x64
		{518CA7B4-AB6A-46AF-981C-ACD49DEA8759}.Debug|x64.Build.0 = Debug|x64
		{518CA7B4-AB6A-46AF-981C-ACD49DEA8759}.Debug|x64.Deploy.0 = Debug|x64
		{518CA7B4-AB6A-46AF-981C-ACD49DEA8759}.Release|Win32.ActiveCfg = Release|Win32
		{518CA7B4-AB6A-46AF-981C-ACD49DEA8759}.Release|Win32.Build.0 = Release|Win32
		{518CA7B4-AB6A-46AF-981C-ACD49DEA8759}.Release|Win32.Deploy.0 = Release|Win32
		{518CA7B4-AB6A-46AF-981C-ACD49DEA8759}.Release|x64.ActiveCfg = Release|x64
		{518CA7B4-AB6A-46AF-981C-ACD49DEA8759}.Release|x64.Build.0 = Release|x64
		{518CA7B4-AB6A-46AF-981C-ACD49DEA8759}.Release|x64.Deploy.0 = Release|x64
		{51E14760-7B0A-45A6-8601-E61BFC744E4A}.Debug|Win32.ActiveCfg = Debug|Win32
		{51E14760-7B0A-45A6-8601-E61BFC744E4A}.Debug|Win32.Build.0 = Debug|Win32
		{51E14760-7B0A-45A6-8601-E61BFC744E4A}.Debug|Win32.Deploy.0 = Debug|Win32
		{51E14760-7B0A-45A6-8601-E61BFC744E4A}.Debug|x64.ActiveCfg = Debug|x64
		{51E14760-7B0A-45A6-8601-E61BFC744E4A}.Debug|x64.Build.0 = Debug|x64
		{51E14760-7B0A-45A6-8601-E61BFC744E4A}.Debug|x64.Deploy.0 = Debug|x64
		{51E14760-7B0A-45A6-8601-E61BFC744E4A}.Release|Win32.ActiveCfg = Release|Win32
		{51E14760-7B0A-45A6-8601-E61BFC744E4A}.Release|Win32.Build.0 = Release|Win32
		{51E14760-7B0A-45A6-8601-E61BFC744E4A}.Release|Win32.Deploy.0 = Release|Win32
		{51E14760-7B0A-45A6-8601-E61BFC744E4A}.Release|x64.ActiveCfg = Release|x64
		{51E14760-7B0A-45A6-8601-E61BFC744E4A}.Release|x64.Build.0 = Release|x64
		{51E14760-7B0A-45A6-8601-E61BFC744E4A}.Release|x64.Deploy.0 = Release|x64
		{DB89CBE8-D96D-4224-8426-6A127CC1F304}.Debug|Win32.ActiveCfg = Debug|Win32
		{DB89CBE8-D96D-4224-8426-6A127CC1F304}.Debug|Win32.Build.0 = Debug|Win32
		{DB89CBE8-D96D-4224-8426-6A127CC1F304}.Debug|Win32.Deploy.0 = Debug|Win32
		{DB89CBE8-D96D-4224-8426-6A127CC1F304}.Debug|x64.ActiveCfg = Debug|x64
		{DB89CBE8-D96D-4224-8426-6A127CC1F304}.Debug|x64.Build.0 = Debug|x64
		{DB89CBE8-D96D-4224-8426-6A127CC1F304}.Debug|x64.Deploy.0 = Debug|x64
		{DB89CBE8-D96D-4224-8426-6A127CC1F304}.Release|Win32.ActiveCfg = Release|Win32
		{DB89CBE8-D96D-4224-8426-6A127CC1F304}.Release|Win32.Build.0 = Release|Win32
		{DB89CBE8-D96D-4224-8426-6A127CC1F304}.Release|Win32.Deploy.0 = Release|Win32
		{DB89CBE8-D96D-4224-8426-6A127CC1F304}.Release|x64.ActiveCfg = Release|x64
		{DB89CBE8-D96D-4224-8426-6A127CC1F304}.Release|x64.Build.0 = Release|x64
		{DB89CBE8-D96D-4224-8426-6A127CC1F304}.Release|x64.Deploy.0 = Release|x64
		{5B0E1E46-1E74-459D-83B3-D468D9A80FC4}.Debug|Win32.ActiveCfg = Debug|Win32
		{5B0E1E46-1E74-459D-83B3-D468D9A80FC4}.Debug|Win32.Build.0 = Debug|Win32
		{5B0E1E46-1E74-459D-83B3-D468D9A80FC4}.Debug|Win32.Deploy.0 = Debug|Win32
		{5B0E1E46-1E74-459D-83B3-D468D9A80FC4}.Debug|x64.ActiveCfg = Debug|x64
		{5B0E1E46-1E74-459D-83B3-D468D9A80FC4}.Debug|x64.Build.0 = Debug|x64
		{5B0E1E46-1E74-459D-83B3-D468D9A80FC4}.Debug|x64.Deploy.0 = Debug|x64
		{5B0E1E46-1E74-459D-83B3-D468D9A80FC4}.Release|Win32.ActiveCfg = Release|Win32
		{5B0E1E46-1E74-459D-83B3-D468D9A80FC4}.Release|Win32.Build.0 = Release|Win32
		{5B0E1E46-1E74-459D-83B3-D468D9A80FC4}.Release|Win32.Deploy.0 = Release|Win32
		{5B0E1E46-1E74-459D-83B3-D468D9A80FC4}.Release|x64.ActiveCfg = Release|x64
		{5B0E1E46-1E74-459D-83B3-D468D9A80FC4}.Release|x64.Build.0 = Release|x64
		{5B0E1E46-1E74-459D-83B3-D468D9A80FC4}.Release|x64.Deploy.0 = Release|x64
		{C0AA54CF-F521-4269-8BBC-8EC3C1B5482C}.Debug|Win32.ActiveCfg = Debug|Win32
		{C0AA54CF-F521-4269-8BBC-8EC3C1B5482C}.Debug|Win32.Build.0 = Debug|Win32
		{C0AA54CF-F521-4269-8BBC-8EC3C1B5482C}.Debug|Win32.Deploy.0 = Debug|Win32
		{C0AA54CF-F521-4269-8BBC-8EC3C1B5482C}.Debug|x64.ActiveCfg = Debug|x64
		{C0AA54CF-F521-4269-8BBC-8EC3C1B5482C}.Debug|x64.Build.0 = Debug|x64
		{C0AA54CF-F521-4269-8BBC-8EC3C1B5482C}.Debug|x64.Deploy.0 = Debug|x64
		{C0AA54CF-F521-4269-8BBC-8EC3C1B5482C}.Release|Win32.ActiveCfg = Release|Win32
		{C0AA54CF-F521-4269-8BBC-8EC3C1B5482C}.Release|Win32.Build.0 = Release|Win32
		{C0AA54CF-F521-4269-8BBC-8EC3C1B5482C}.Release|Win32.Deploy.0 = Release|Win32
		{C0AA54CF-F521-4269-8BBC-8EC3C1B5482C}.Release|x64.ActiveCfg = Release|x64
		{C0AA54CF-F521-4269-8BBC-8EC3C1B5482C}.Release|x64.Build.0 = Release|x64
		{C0AA54CF-F521-4269-8BBC-8EC3C1B5482C}.Release|x64.Deploy.0 = Release|x64
		{AE77F27C-5C11-46C8-A7CF-C85E00032C8F}.Debug|Win32.ActiveCfg = Debug|Win32
		{AE77F27C-5C11-46C8-A7CF-C85E00032C8F}.Debug|Win32.Build.0 = Debug|Win32
		{AE77F27C-5C11-46C8-A7CF-C85E00032C8F}.Debug|Win32.Deploy.0 = Debug|Win32
		{AE77F27C-5C11-46C8-A7CF-C85E00032C8F}.Debug|x64.ActiveCfg = Debug|x64
		{AE77F27C-5C11-46C8-A7CF-C85E00032C8F}.Debug|x64.Build.0 = Debug|x64
		{AE77F27C-5C11-46C8-A7CF-C85E00032C8F}.Debug|x64.Deploy.0 = Debug|x64
		{AE77F27C-5C11-46C8-A7CF-C85E00032C8F}.Release|Win32.ActiveCfg = Release|Win32
		{AE77F27C-5C11-46C8-A7CF-C85E00032C8F}.Release|Win32.Build.0 = Release|Win32
		{AE77F27C-5C11-46C8-A7CF-C85E00032C8F}.Release|Win32.Deploy.0 = Release|Win32
		{AE77F27C-5C11-46C8-A7CF-C85E00032C8F}.Release|x64.ActiveCfg = Release|x64
		{AE77F27C-5C11-46C8-A7CF-C85E00032C8F}.Release|x64.Build.0 = Release|x64
		{AE77F27C-5C11-46C8-A7CF-C85E00032C8F}.Release|x64.Deploy.0 = Release|x64
		{440209B9-983C-4EFE-BF47-395D53B9D4C4}.Debug|Win32.ActiveCfg = Debug|Win32
		{440209B9-983C-4EFE-BF47-395D53B9D4C4}.Debug|Win32.Build.0 = Debug|Win32
		{440209B9-983C-4EFE-BF47-395D53B9D4C4}.Debug|Win32.Deploy.0 = Debug|Win32
		{440209B9-983C-4EFE-BF47-395D53B9D4C4}.Debug|x64.ActiveCfg = Debug|x64
		{440209B9-983C-4EFE-BF47-395D53B9D4C4}.Debug|x64.Build.0 = Debug|x64
		{440209B9-983C-4EFE-BF47-395D53B9D4C4}.Debug|x64.Deploy.0 = Debug|x64
		{440209B9-983C-4EFE-BF47-395D53B9D4C4}.Release|Win32.ActiveCfg = Release|Win32
		{440209B9-983C-4EFE-BF47-395D53B9D4C4}.Release|Win32.Build.0 = Release|Win32
		{440209B9-983C-4EFE-BF47-395D53B9D4C4}.Release|Win32.Deploy.0 = Release|Win32
		{440209B9-983C-4EFE-BF47-395D53B9D4C4}.Release|x64.ActiveCfg = Release|x64
		{440209B9-983C-4EFE-BF47-395D53B9D4C4}.Release|x64.Build.0 = Release|x64
		{440209B9-983C-4EFE-BF47-395D53B9D4C4}.Release|x64.Deploy.0 = Release|x64
		{D406DABD-6452-4713-B655-F1BAB4386192}.Debug|Win32.ActiveCfg = Debug|Win32
		{D406DABD-6452-4713-B655-F1BAB4386192}.Debug|Win32.Build.0 = Debug|Win32
		{D406DABD-6452-4713-B655-F1BAB4386192}.Debug|Win32.Deploy.0 = Debug|Win32
		{D406DABD-6452-4713-B655-F1BAB4386192}.Debug|x64.ActiveCfg = Debug|x64
		{D406DABD-6452-4713-B655-F1BAB4386192}.Debug|x64.Build.0 = Debug|x64
		{D406DABD-6452-4713-B655-F1BAB4386192}.Debug|x64.Deploy.0 = Debug|x64
		{D406DABD-6452-4713-B655-F1BAB4386192}.Release|Win32.ActiveCfg = Release|Win32
		{D406DABD-6452-4713-B655-F1BAB4386192}.Release|Win32.Build.0 = Release|Win32
		{D406DABD-6452-4713-B655-F1BAB4386192}.Release|Win32.Deploy.0 = Release|Win32
		{D406DABD-6452-4713-B655-F1BAB4386192}.Release|x64.ActiveCfg = Release|x64
		{D406DABD-6452-4713-B655-F1BAB4386192}.Release|x64.Build.0 = Release|x64
		{D406DABD-6452-4713-B655-F1BAB4386192}.Release|x64.Deploy.0 = Release|x64
		{79C0457D-25CD-4C93-95FA-7C839B1851B1}.Debug|Win32.ActiveCfg = Debug|Win32
		{79C0457D-25CD-4C93-95FA-7C839B1851B1}.Debug|Win32.Build.0 = Debug|Win32
		{79C0457D-25CD-4C93-95FA-7C839B1851B1}.Debug|Win32.Deploy.0 = Debug|Win32
		{79C0457D-25CD-4C93-95FA-7C839B1851B1}.Debug|x64.ActiveCfg = Debug|x64
		{79C0457D-25CD-4C93-95FA-7C839B1851B1}.Debug|x64.Build.0 = Debug|x64
		{79C0457D-25CD-4C93-95FA-7C839B1851B1}.Debug|x64.Deploy.0 = Debug|x64
		{79C0457D-25CD-4C93-95FA-7C839B1851B1}.Release|Win32.ActiveCfg = Release|Win32
		{79C0457D-25CD-4C93-95FA-7C839B1851B1}.Release|Win32.Build.0 = Release|Win32
		{79C0457D-25CD-4C93-95FA-7C839B1851B1}.Release|Win32.Deploy.0 = Release|Win32
		{79C0457D-25CD-4C93-95FA-7C839B1851B1}.Release|x64.ActiveCfg = Release|x64
		{79C0457D-25CD-4C93-95FA-7C839B1851B1}.Release|x64.Build.0 = Release|x64
		{79C0457D-25CD-4C93-95FA-7C839B1851B1}.Release|x64.Deploy.0 = Release|x64
	EndGlobalSection
	GlobalSection(SolutionProperties) = preSolution
		HideSolutionNode = FALSE
	EndGlobalSection
EndGlobal
